// !$*UTF8*$!
{
	archiveVersion = 1;
	classes = {
	};
	objectVersion = 77;
	objects = {

/* Begin PBXBuildFile section */
		0553EF1A21F0C774DAA2F0D6 /* LayoutPreview.swift in Sources */ = {isa = PBXBuildFile; fileRef = B5EFE906905D43F124D49A7A /* LayoutPreview.swift */; };
		10651D74B2A895F33F9D4F2B /* MessageProtocolTests.swift in Sources */ = {isa = PBXBuildFile; fileRef = F512A11137B9D4537AB6361B /* MessageProtocolTests.swift */; };
		107399D353901EBFF5FB310B /* NetworkMode.swift in Sources */ = {isa = PBXBuildFile; fileRef = B2BE934418962AAB550CF87F /* NetworkMode.swift */; };
		116314BEF65175C6546B7FD6 /* PushRegisteredDeviceStoreTests.swift in Sources */ = {isa = PBXBuildFile; fileRef = 6C4E4F97BA0BB789B8E2A1D6 /* PushRegisteredDeviceStoreTests.swift */; };
		13D5412FA1D65684388478B6 /* MirrorDesktopFilterTests.swift in Sources */ = {isa = PBXBuildFile; fileRef = 589E484D563BAA76B0634F61 /* MirrorDesktopFilterTests.swift */; };
		14DAC6065803A0A60587E902 /* AuthThrottleTests.swift in Sources */ = {isa = PBXBuildFile; fileRef = 12DF63C5377F483607D75CFB /* AuthThrottleTests.swift */; };
		15E7F693296D17701B7805E9 /* KeystrokeInjectorWriteExpressionTests.swift in Sources */ = {isa = PBXBuildFile; fileRef = E37933B6AB818F38B0D7418F /* KeystrokeInjectorWriteExpressionTests.swift */; };
		166D5EA3635FC5603D18D5A6 /* TailscaleService.swift in Sources */ = {isa = PBXBuildFile; fileRef = 88BE6CF66C22B39C6DAACAA1 /* TailscaleService.swift */; };
		19BF72AF894F3D230BA2B8A6 /* ArrangeLayoutMappingTests.swift in Sources */ = {isa = PBXBuildFile; fileRef = 6B5A07701D8FE93394003C87 /* ArrangeLayoutMappingTests.swift */; };
		1A23A388645C53D6E41A1238 /* LayoutPreset.swift in Sources */ = {isa = PBXBuildFile; fileRef = 8726F91288D7DA56A936419F /* LayoutPreset.swift */; };
		1BFFDD98C1E1578755E3B874 /* PTTWindowTracker.swift in Sources */ = {isa = PBXBuildFile; fileRef = 4D27715C83416E12D0A2488F /* PTTWindowTracker.swift */; };
		2204E721778AD2067D7822DF /* PTTWindowTrackerTests.swift in Sources */ = {isa = PBXBuildFile; fileRef = 82C669FF7E15B0F791E6B00E /* PTTWindowTrackerTests.swift */; };
		2B3ACC6C55378B07F087A5E0 /* SeamStitcherTests.swift in Sources */ = {isa = PBXBuildFile; fileRef = 682D1CC11B830E8D9F079FB7 /* SeamStitcherTests.swift */; };
		2D3A9D787C29669647538F78 /* TerminalStateDetector.swift in Sources */ = {isa = PBXBuildFile; fileRef = B4B67C6602EBEE7D97BCE304 /* TerminalStateDetector.swift */; };
		2D7834B508F6F1CE9F84B906 /* WhisperKit in Frameworks */ = {isa = PBXBuildFile; productRef = 98F4DBD3AC4FF6A28304DD5E /* WhisperKit */; };
		3A4AA39F4C89AA307F54001D /* MonitorSelector.swift in Sources */ = {isa = PBXBuildFile; fileRef = 4807DB7DFE825999F9E15D66 /* MonitorSelector.swift */; };
		3E80AB53764777CE3E79A463 /* MessageProtocol.swift in Sources */ = {isa = PBXBuildFile; fileRef = EFB206BDF80C59B557B5561A /* MessageProtocol.swift */; };
		425DCC822BD1C987A508873B /* DefaultLayouts.json in Resources */ = {isa = PBXBuildFile; fileRef = CD526E4C21F232FACDCD3F3F /* DefaultLayouts.json */; };
		44D85DED79B8403CA7AE7459 /* WindowInfo.swift in Sources */ = {isa = PBXBuildFile; fileRef = ADE18C6DB634684CAA7FE1D5 /* WindowInfo.swift */; };
		485B5167C2AD4D011F24C887 /* WhisperDictationServiceTests.swift in Sources */ = {isa = PBXBuildFile; fileRef = CD34B2B54B885CCB7A223934 /* WhisperDictationServiceTests.swift */; };
		4C1F7E7F9836B4D3EF5D6FD7 /* LayoutPresetTabs.swift in Sources */ = {isa = PBXBuildFile; fileRef = C57A110912607ACED6E89B19 /* LayoutPresetTabs.swift */; };
		5322A857B9208D76DBF6E503 /* AudioRingBuffer.swift in Sources */ = {isa = PBXBuildFile; fileRef = 7B772AF07D680F56F89EEA91 /* AudioRingBuffer.swift */; };
		53F7539F917A105C1DF281AB /* PCMChunker.swift in Sources */ = {isa = PBXBuildFile; fileRef = C4F88E483BBB2954E4D41D7B /* PCMChunker.swift */; };
		6206170D640DFCB204C0CD84 /* ClaudeModeDetector.swift in Sources */ = {isa = PBXBuildFile; fileRef = 11E45D24608373377E2D46D3 /* ClaudeModeDetector.swift */; };
		63FE4D9F58CCE850B4F8D7FE /* SettingsView.swift in Sources */ = {isa = PBXBuildFile; fileRef = AFDA71A2750027A58181E528 /* SettingsView.swift */; };
		6A687DBD83641F9456CDB731 /* KeystrokeInjector.swift in Sources */ = {isa = PBXBuildFile; fileRef = A56A336266F29BFDA4CB1C10 /* KeystrokeInjector.swift */; };
		6AF59F80397868055AA1DA8F /* PINManager.swift in Sources */ = {isa = PBXBuildFile; fileRef = 06BBCCD34532C15A5A05B49A /* PINManager.swift */; };
		6FF9FBA8F15F5B3448809A8D /* APNsClient.swift in Sources */ = {isa = PBXBuildFile; fileRef = F5D9089FAA12F8CDF0710813 /* APNsClient.swift */; };
		776B6808FFB2C42DE93FF535 /* TerminalURLExtractorTests.swift in Sources */ = {isa = PBXBuildFile; fileRef = 792D57DC8FC3B11646E7AA24 /* TerminalURLExtractorTests.swift */; };
		7893732742065279CC924FCF /* ImageUploadMessageTests.swift in Sources */ = {isa = PBXBuildFile; fileRef = 5BDEBA5C1FF3ADA484633B4B /* ImageUploadMessageTests.swift */; };
		7DE0BC0A1355E4517B96429A /* WhisperDictationService.swift in Sources */ = {isa = PBXBuildFile; fileRef = 5E95B5D735BD68D7B185A9E1 /* WhisperDictationService.swift */; };
		82C001C2D1E751B52E9323D6 /* WindowManagerSessionIdTests.swift in Sources */ = {isa = PBXBuildFile; fileRef = 8F2FC54EF7BE5384458CC160 /* WindowManagerSessionIdTests.swift */; };
		864A7798EAC351C8B5E8E39F /* Color+Hex.swift in Sources */ = {isa = PBXBuildFile; fileRef = A2B19559A6253B0E85D5C581 /* Color+Hex.swift */; };
		879115E516EAFBE69CFC6E51 /* SeamStitcher.swift in Sources */ = {isa = PBXBuildFile; fileRef = 3E62E57A20864587E11C9636 /* SeamStitcher.swift */; };
		8A417F2510A72EBDC859412C /* ConnectionLog.swift in Sources */ = {isa = PBXBuildFile; fileRef = 6F2F800B05C6E3B1022489FD /* ConnectionLog.swift */; };
		9084D0AD136CA9E40A96DE7E /* PushNotificationService.swift in Sources */ = {isa = PBXBuildFile; fileRef = B5BBF33D3BEF237F79631FBD /* PushNotificationService.swift */; };
		90DC0538AD2AB94DCA09D040 /* QuipMacApp.swift in Sources */ = {isa = PBXBuildFile; fileRef = "TEMP_E4F461ED-D031-4544-8979-2AEEBBB87589" /* QuipMacApp.swift */; };
		99CB71752F02DDBC17142390 /* AuthThrottle.swift in Sources */ = {isa = PBXBuildFile; fileRef = C9B0051B1E4D19C01D69982E /* AuthThrottle.swift */; };
		9B4D46C0E2C0623E6F9BE1C6 /* MainWindow.swift in Sources */ = {isa = PBXBuildFile; fileRef = 6C947C022B2F6D1CB4FED43F /* MainWindow.swift */; };
		9E9263F5B804961A1B7225A8 /* KokoroTTS.swift in Sources */ = {isa = PBXBuildFile; fileRef = 6ED3CA65D3DE8E2C7DCF5769 /* KokoroTTS.swift */; };
		A81002D85A2BC5AA5976AFCF /* WebSocketServer.swift in Sources */ = {isa = PBXBuildFile; fileRef = 3EC90466A8AD9BEAE5A07DDC /* WebSocketServer.swift */; };
		AF54B4FBF351780F625437CA /* TerminalURLExtractor.swift in Sources */ = {isa = PBXBuildFile; fileRef = 73FCC8550866B2D7A72DE1C5 /* TerminalURLExtractor.swift */; };
		AF8CF9B66ACCC53E3CF2B4FA /* LogPaths.swift in Sources */ = {isa = PBXBuildFile; fileRef = 1BB74E325653A8DA71C1B8EA /* LogPaths.swift */; };
		B8F784DAB51BBEBD94DE4D1A /* APNsJWTTests.swift in Sources */ = {isa = PBXBuildFile; fileRef = FBBECC11724C6B7430E8A8DA /* APNsJWTTests.swift */; };
		BB7AD29C435EAFFE6F8DED12 /* MenuBarView.swift in Sources */ = {isa = PBXBuildFile; fileRef = 81BB452979FFEEB64D818B68 /* MenuBarView.swift */; };
		BF0FBA9E0D24561D417C885D /* ImageUploadHandler.swift in Sources */ = {isa = PBXBuildFile; fileRef = 2B0B9C724A81CC5A243284D8 /* ImageUploadHandler.swift */; };
		BFAEC96E6C28193C492E7873 /* KeystrokeFocusDelayTests.swift in Sources */ = {isa = PBXBuildFile; fileRef = 45F9BC10D98A7C867B02D5A1 /* KeystrokeFocusDelayTests.swift */; };
		C3E6AD2C931293FB771CF8CC /* ImageUploadHandlerTests.swift in Sources */ = {isa = PBXBuildFile; fileRef = 9432A677E617A6B09DA7DD0B /* ImageUploadHandlerTests.swift */; };
		C68B39F81066E2B42D55AE69 /* APNsKeyStore.swift in Sources */ = {isa = PBXBuildFile; fileRef = 81E08E6062A74F4982F5FA16 /* APNsKeyStore.swift */; };
		CA061A5EA5E9FFFED7B88CA6 /* kokoro_tts.py in Resources */ = {isa = PBXBuildFile; fileRef = 68BD4937C2DB6DD04A719C32 /* kokoro_tts.py */; };
		CB4CE20C3C4CB1AA46978892 /* ITermWindowListParserTests.swift in Sources */ = {isa = PBXBuildFile; fileRef = 4AF071C3CBB7547A6D15F74D /* ITermWindowListParserTests.swift */; };
		CDECFE9CA16389D2F1B455D5 /* CloudflareTunnel.swift in Sources */ = {isa = PBXBuildFile; fileRef = 2212F34B839B3C63906BAD2C /* CloudflareTunnel.swift */; };
		D771CA86FD23E660375CC1AC /* WindowListSidebar.swift in Sources */ = {isa = PBXBuildFile; fileRef = FBAFA76040229EEE779AC055 /* WindowListSidebar.swift */; };
		DB25E0C4E38ECC8B9A42D04D /* PermissionProbeService.swift in Sources */ = {isa = PBXBuildFile; fileRef = 2E4A88C19C3BFF8C38C0B2E4 /* PermissionProbeService.swift */; };
		E1671AA42F6C302F2E176941 /* ClaudeModeScannerTests.swift in Sources */ = {isa = PBXBuildFile; fileRef = A7E1DC52BCF5C78516007D8A /* ClaudeModeScannerTests.swift */; };
		E16F140F49A779C15EAA0862 /* SecretRedactor.swift in Sources */ = {isa = PBXBuildFile; fileRef = 7F854257F09ED55190DA9754 /* SecretRedactor.swift */; };
		E3D52168C6ED0D7E035F86C8 /* WhisperStatusStore.swift in Sources */ = {isa = PBXBuildFile; fileRef = 79CCA0A3EEB84C493F8E430E /* WhisperStatusStore.swift */; };
		EB8C0145B42599AFC038A801 /* WindowManager.swift in Sources */ = {isa = PBXBuildFile; fileRef = 3A1FEC6C97F916BC3E12CC91 /* WindowManager.swift */; };
		F0476745D4BE09BEA5E6FA79 /* AuditLogger.swift in Sources */ = {isa = PBXBuildFile; fileRef = 3FFBB5F208F16F99E170009A /* AuditLogger.swift */; };
		F052F06C47112A9B96B81D1F /* PCMChunkerTests.swift in Sources */ = {isa = PBXBuildFile; fileRef = B2165769DE1070C93A139C24 /* PCMChunkerTests.swift */; };
		F0BDBE94C7CB5AD6685E33E5 /* BonjourAdvertiser.swift in Sources */ = {isa = PBXBuildFile; fileRef = EBFB66F35E0DB7CFEA44761B /* BonjourAdvertiser.swift */; };
		F0CC2171B9BC801516463331 /* Assets.xcassets in Resources */ = {isa = PBXBuildFile; fileRef = "TEMP_0E86A77D-D4DA-4DEC-AE4C-B70F93EF0131" /* Assets.xcassets */; };
		F6BAA00D69BD1F037B3D22A1 /* TerminalColorManager.swift in Sources */ = {isa = PBXBuildFile; fileRef = FE4C92DB2B69AF079BEC6369 /* TerminalColorManager.swift */; };
		F77CFDC85D04FA667F66028B /* AudioRingBufferTests.swift in Sources */ = {isa = PBXBuildFile; fileRef = 6789468087C0DADB2E58869D /* AudioRingBufferTests.swift */; };
		FB072CFAFE2EFEBE82AC01D4 /* Constants.swift in Sources */ = {isa = PBXBuildFile; fileRef = CD884FDC1F567F0F5B50B23C /* Constants.swift */; };
/* End PBXBuildFile section */

/* Begin PBXContainerItemProxy section */
		B9990AC87382AE392F82BBC3 /* PBXContainerItemProxy */ = {
			isa = PBXContainerItemProxy;
			containerPortal = E474FA1B7E69EE35F8AE30E9 /* Project object */;
			proxyType = 1;
			remoteGlobalIDString = 91DF7F051DA6E858CC021414;
			remoteInfo = QuipMac;
		};
/* End PBXContainerItemProxy section */

/* Begin PBXFileReference section */
		06BBCCD34532C15A5A05B49A /* PINManager.swift */ = {isa = PBXFileReference; lastKnownFileType = sourcecode.swift; path = PINManager.swift; sourceTree = "<group>"; };
		11E45D24608373377E2D46D3 /* ClaudeModeDetector.swift */ = {isa = PBXFileReference; lastKnownFileType = sourcecode.swift; path = ClaudeModeDetector.swift; sourceTree = "<group>"; };
		12DF63C5377F483607D75CFB /* AuthThrottleTests.swift */ = {isa = PBXFileReference; lastKnownFileType = sourcecode.swift; path = AuthThrottleTests.swift; sourceTree = "<group>"; };
		1BB74E325653A8DA71C1B8EA /* LogPaths.swift */ = {isa = PBXFileReference; lastKnownFileType = sourcecode.swift; path = LogPaths.swift; sourceTree = "<group>"; };
		2212F34B839B3C63906BAD2C /* CloudflareTunnel.swift */ = {isa = PBXFileReference; lastKnownFileType = sourcecode.swift; path = CloudflareTunnel.swift; sourceTree = "<group>"; };
		2B0B9C724A81CC5A243284D8 /* ImageUploadHandler.swift */ = {isa = PBXFileReference; lastKnownFileType = sourcecode.swift; path = ImageUploadHandler.swift; sourceTree = "<group>"; };
		2E4A88C19C3BFF8C38C0B2E4 /* PermissionProbeService.swift */ = {isa = PBXFileReference; lastKnownFileType = sourcecode.swift; path = PermissionProbeService.swift; sourceTree = "<group>"; };
		3A1FEC6C97F916BC3E12CC91 /* WindowManager.swift */ = {isa = PBXFileReference; lastKnownFileType = sourcecode.swift; path = WindowManager.swift; sourceTree = "<group>"; };
		3E62E57A20864587E11C9636 /* SeamStitcher.swift */ = {isa = PBXFileReference; lastKnownFileType = sourcecode.swift; path = SeamStitcher.swift; sourceTree = "<group>"; };
		3EC90466A8AD9BEAE5A07DDC /* WebSocketServer.swift */ = {isa = PBXFileReference; lastKnownFileType = sourcecode.swift; path = WebSocketServer.swift; sourceTree = "<group>"; };
		3FFBB5F208F16F99E170009A /* AuditLogger.swift */ = {isa = PBXFileReference; lastKnownFileType = sourcecode.swift; path = AuditLogger.swift; sourceTree = "<group>"; };
		45F9BC10D98A7C867B02D5A1 /* KeystrokeFocusDelayTests.swift */ = {isa = PBXFileReference; lastKnownFileType = sourcecode.swift; path = KeystrokeFocusDelayTests.swift; sourceTree = "<group>"; };
		4807DB7DFE825999F9E15D66 /* MonitorSelector.swift */ = {isa = PBXFileReference; lastKnownFileType = sourcecode.swift; path = MonitorSelector.swift; sourceTree = "<group>"; };
		4AF071C3CBB7547A6D15F74D /* ITermWindowListParserTests.swift */ = {isa = PBXFileReference; lastKnownFileType = sourcecode.swift; path = ITermWindowListParserTests.swift; sourceTree = "<group>"; };
		4D27715C83416E12D0A2488F /* PTTWindowTracker.swift */ = {isa = PBXFileReference; lastKnownFileType = sourcecode.swift; path = PTTWindowTracker.swift; sourceTree = "<group>"; };
		589E484D563BAA76B0634F61 /* MirrorDesktopFilterTests.swift */ = {isa = PBXFileReference; lastKnownFileType = sourcecode.swift; path = MirrorDesktopFilterTests.swift; sourceTree = "<group>"; };
		5B283E1205AA8D907541BB47 /* QuipMacTests.xctest */ = {isa = PBXFileReference; explicitFileType = wrapper.cfbundle; includeInIndex = 0; path = QuipMacTests.xctest; sourceTree = BUILT_PRODUCTS_DIR; };
		5BDEBA5C1FF3ADA484633B4B /* ImageUploadMessageTests.swift */ = {isa = PBXFileReference; lastKnownFileType = sourcecode.swift; path = ImageUploadMessageTests.swift; sourceTree = "<group>"; };
		5E95B5D735BD68D7B185A9E1 /* WhisperDictationService.swift */ = {isa = PBXFileReference; lastKnownFileType = sourcecode.swift; path = WhisperDictationService.swift; sourceTree = "<group>"; };
		6789468087C0DADB2E58869D /* AudioRingBufferTests.swift */ = {isa = PBXFileReference; lastKnownFileType = sourcecode.swift; path = AudioRingBufferTests.swift; sourceTree = "<group>"; };
		682D1CC11B830E8D9F079FB7 /* SeamStitcherTests.swift */ = {isa = PBXFileReference; lastKnownFileType = sourcecode.swift; path = SeamStitcherTests.swift; sourceTree = "<group>"; };
		68BD4937C2DB6DD04A719C32 /* kokoro_tts.py */ = {isa = PBXFileReference; lastKnownFileType = text.script.python; path = kokoro_tts.py; sourceTree = "<group>"; };
		6B5A07701D8FE93394003C87 /* ArrangeLayoutMappingTests.swift */ = {isa = PBXFileReference; lastKnownFileType = sourcecode.swift; path = ArrangeLayoutMappingTests.swift; sourceTree = "<group>"; };
		6C4E4F97BA0BB789B8E2A1D6 /* PushRegisteredDeviceStoreTests.swift */ = {isa = PBXFileReference; lastKnownFileType = sourcecode.swift; path = PushRegisteredDeviceStoreTests.swift; sourceTree = "<group>"; };
		6C947C022B2F6D1CB4FED43F /* MainWindow.swift */ = {isa = PBXFileReference; lastKnownFileType = sourcecode.swift; path = MainWindow.swift; sourceTree = "<group>"; };
		6ED3CA65D3DE8E2C7DCF5769 /* KokoroTTS.swift */ = {isa = PBXFileReference; lastKnownFileType = sourcecode.swift; path = KokoroTTS.swift; sourceTree = "<group>"; };
		6F2F800B05C6E3B1022489FD /* ConnectionLog.swift */ = {isa = PBXFileReference; lastKnownFileType = sourcecode.swift; path = ConnectionLog.swift; sourceTree = "<group>"; };
		73FCC8550866B2D7A72DE1C5 /* TerminalURLExtractor.swift */ = {isa = PBXFileReference; lastKnownFileType = sourcecode.swift; path = TerminalURLExtractor.swift; sourceTree = "<group>"; };
		792D57DC8FC3B11646E7AA24 /* TerminalURLExtractorTests.swift */ = {isa = PBXFileReference; lastKnownFileType = sourcecode.swift; path = TerminalURLExtractorTests.swift; sourceTree = "<group>"; };
		79CCA0A3EEB84C493F8E430E /* WhisperStatusStore.swift */ = {isa = PBXFileReference; lastKnownFileType = sourcecode.swift; path = WhisperStatusStore.swift; sourceTree = "<group>"; };
		7B772AF07D680F56F89EEA91 /* AudioRingBuffer.swift */ = {isa = PBXFileReference; lastKnownFileType = sourcecode.swift; path = AudioRingBuffer.swift; sourceTree = "<group>"; };
		7C72FAA7988E0CA53E9ADCCD /* QuipMac.app */ = {isa = PBXFileReference; explicitFileType = wrapper.application; includeInIndex = 0; path = QuipMac.app; sourceTree = BUILT_PRODUCTS_DIR; };
		7F854257F09ED55190DA9754 /* SecretRedactor.swift */ = {isa = PBXFileReference; lastKnownFileType = sourcecode.swift; path = SecretRedactor.swift; sourceTree = "<group>"; };
		81BB452979FFEEB64D818B68 /* MenuBarView.swift */ = {isa = PBXFileReference; lastKnownFileType = sourcecode.swift; path = MenuBarView.swift; sourceTree = "<group>"; };
		81E08E6062A74F4982F5FA16 /* APNsKeyStore.swift */ = {isa = PBXFileReference; lastKnownFileType = sourcecode.swift; path = APNsKeyStore.swift; sourceTree = "<group>"; };
		82C669FF7E15B0F791E6B00E /* PTTWindowTrackerTests.swift */ = {isa = PBXFileReference; lastKnownFileType = sourcecode.swift; path = PTTWindowTrackerTests.swift; sourceTree = "<group>"; };
		8726F91288D7DA56A936419F /* LayoutPreset.swift */ = {isa = PBXFileReference; lastKnownFileType = sourcecode.swift; path = LayoutPreset.swift; sourceTree = "<group>"; };
		88BE6CF66C22B39C6DAACAA1 /* TailscaleService.swift */ = {isa = PBXFileReference; lastKnownFileType = sourcecode.swift; path = TailscaleService.swift; sourceTree = "<group>"; };
		8F2FC54EF7BE5384458CC160 /* WindowManagerSessionIdTests.swift */ = {isa = PBXFileReference; lastKnownFileType = sourcecode.swift; path = WindowManagerSessionIdTests.swift; sourceTree = "<group>"; };
		9432A677E617A6B09DA7DD0B /* ImageUploadHandlerTests.swift */ = {isa = PBXFileReference; lastKnownFileType = sourcecode.swift; path = ImageUploadHandlerTests.swift; sourceTree = "<group>"; };
		A2B19559A6253B0E85D5C581 /* Color+Hex.swift */ = {isa = PBXFileReference; lastKnownFileType = sourcecode.swift; path = "Color+Hex.swift"; sourceTree = "<group>"; };
		A56A336266F29BFDA4CB1C10 /* KeystrokeInjector.swift */ = {isa = PBXFileReference; lastKnownFileType = sourcecode.swift; path = KeystrokeInjector.swift; sourceTree = "<group>"; };
		A7E1DC52BCF5C78516007D8A /* ClaudeModeScannerTests.swift */ = {isa = PBXFileReference; lastKnownFileType = sourcecode.swift; path = ClaudeModeScannerTests.swift; sourceTree = "<group>"; };
		ADE18C6DB634684CAA7FE1D5 /* WindowInfo.swift */ = {isa = PBXFileReference; lastKnownFileType = sourcecode.swift; path = WindowInfo.swift; sourceTree = "<group>"; };
		AFDA71A2750027A58181E528 /* SettingsView.swift */ = {isa = PBXFileReference; lastKnownFileType = sourcecode.swift; path = SettingsView.swift; sourceTree = "<group>"; };
		B2165769DE1070C93A139C24 /* PCMChunkerTests.swift */ = {isa = PBXFileReference; lastKnownFileType = sourcecode.swift; path = PCMChunkerTests.swift; sourceTree = "<group>"; };
		B2BE934418962AAB550CF87F /* NetworkMode.swift */ = {isa = PBXFileReference; lastKnownFileType = sourcecode.swift; path = NetworkMode.swift; sourceTree = "<group>"; };
		B4B67C6602EBEE7D97BCE304 /* TerminalStateDetector.swift */ = {isa = PBXFileReference; lastKnownFileType = sourcecode.swift; path = TerminalStateDetector.swift; sourceTree = "<group>"; };
		B5BBF33D3BEF237F79631FBD /* PushNotificationService.swift */ = {isa = PBXFileReference; lastKnownFileType = sourcecode.swift; path = PushNotificationService.swift; sourceTree = "<group>"; };
		B5EFE906905D43F124D49A7A /* LayoutPreview.swift */ = {isa = PBXFileReference; lastKnownFileType = sourcecode.swift; path = LayoutPreview.swift; sourceTree = "<group>"; };
		C4F88E483BBB2954E4D41D7B /* PCMChunker.swift */ = {isa = PBXFileReference; lastKnownFileType = sourcecode.swift; path = PCMChunker.swift; sourceTree = "<group>"; };
		C57A110912607ACED6E89B19 /* LayoutPresetTabs.swift */ = {isa = PBXFileReference; lastKnownFileType = sourcecode.swift; path = LayoutPresetTabs.swift; sourceTree = "<group>"; };
		C9B0051B1E4D19C01D69982E /* AuthThrottle.swift */ = {isa = PBXFileReference; lastKnownFileType = sourcecode.swift; path = AuthThrottle.swift; sourceTree = "<group>"; };
		CD34B2B54B885CCB7A223934 /* WhisperDictationServiceTests.swift */ = {isa = PBXFileReference; lastKnownFileType = sourcecode.swift; path = WhisperDictationServiceTests.swift; sourceTree = "<group>"; };
		CD526E4C21F232FACDCD3F3F /* DefaultLayouts.json */ = {isa = PBXFileReference; lastKnownFileType = text.json; path = DefaultLayouts.json; sourceTree = "<group>"; };
		CD884FDC1F567F0F5B50B23C /* Constants.swift */ = {isa = PBXFileReference; lastKnownFileType = sourcecode.swift; path = Constants.swift; sourceTree = "<group>"; };
		E37933B6AB818F38B0D7418F /* KeystrokeInjectorWriteExpressionTests.swift */ = {isa = PBXFileReference; lastKnownFileType = sourcecode.swift; path = KeystrokeInjectorWriteExpressionTests.swift; sourceTree = "<group>"; };
		EBFB66F35E0DB7CFEA44761B /* BonjourAdvertiser.swift */ = {isa = PBXFileReference; lastKnownFileType = sourcecode.swift; path = BonjourAdvertiser.swift; sourceTree = "<group>"; };
		EFB206BDF80C59B557B5561A /* MessageProtocol.swift */ = {isa = PBXFileReference; lastKnownFileType = sourcecode.swift; path = MessageProtocol.swift; sourceTree = "<group>"; };
		F512A11137B9D4537AB6361B /* MessageProtocolTests.swift */ = {isa = PBXFileReference; lastKnownFileType = sourcecode.swift; path = MessageProtocolTests.swift; sourceTree = "<group>"; };
		F5D9089FAA12F8CDF0710813 /* APNsClient.swift */ = {isa = PBXFileReference; lastKnownFileType = sourcecode.swift; path = APNsClient.swift; sourceTree = "<group>"; };
		FBAFA76040229EEE779AC055 /* WindowListSidebar.swift */ = {isa = PBXFileReference; lastKnownFileType = sourcecode.swift; path = WindowListSidebar.swift; sourceTree = "<group>"; };
		FBBECC11724C6B7430E8A8DA /* APNsJWTTests.swift */ = {isa = PBXFileReference; lastKnownFileType = sourcecode.swift; path = APNsJWTTests.swift; sourceTree = "<group>"; };
		FE4C92DB2B69AF079BEC6369 /* TerminalColorManager.swift */ = {isa = PBXFileReference; lastKnownFileType = sourcecode.swift; path = TerminalColorManager.swift; sourceTree = "<group>"; };
		"TEMP_0E86A77D-D4DA-4DEC-AE4C-B70F93EF0131" /* Assets.xcassets */ = {isa = PBXFileReference; lastKnownFileType = folder.assetcatalog; path = Assets.xcassets; sourceTree = "<group>"; };
		"TEMP_6A57F206-751E-495C-9EFA-E955354125A9" /* Info.plist */ = {isa = PBXFileReference; lastKnownFileType = text.plist; path = Info.plist; sourceTree = "<group>"; };
		"TEMP_E4F461ED-D031-4544-8979-2AEEBBB87589" /* QuipMacApp.swift */ = {isa = PBXFileReference; lastKnownFileType = sourcecode.swift; path = QuipMacApp.swift; sourceTree = "<group>"; };
/* End PBXFileReference section */

/* Begin PBXFrameworksBuildPhase section */
		F43AEC0A18C7F02260564851 /* Frameworks */ = {
			isa = PBXFrameworksBuildPhase;
			buildActionMask = 2147483647;
			files = (
				2D7834B508F6F1CE9F84B906 /* WhisperKit in Frameworks */,
			);
			runOnlyForDeploymentPostprocessing = 0;
		};
/* End PBXFrameworksBuildPhase section */

/* Begin PBXGroup section */
		261F4D64422089A54A9B1924 /* Tests */ = {
			isa = PBXGroup;
			children = (
				FBBECC11724C6B7430E8A8DA /* APNsJWTTests.swift */,
				12DF63C5377F483607D75CFB /* AuthThrottleTests.swift */,
				A7E1DC52BCF5C78516007D8A /* ClaudeModeScannerTests.swift */,
				9432A677E617A6B09DA7DD0B /* ImageUploadHandlerTests.swift */,
				4AF071C3CBB7547A6D15F74D /* ITermWindowListParserTests.swift */,
				E37933B6AB818F38B0D7418F /* KeystrokeInjectorWriteExpressionTests.swift */,
				6C4E4F97BA0BB789B8E2A1D6 /* PushRegisteredDeviceStoreTests.swift */,
				792D57DC8FC3B11646E7AA24 /* TerminalURLExtractorTests.swift */,
				CD34B2B54B885CCB7A223934 /* WhisperDictationServiceTests.swift */,
			);
			path = Tests;
			sourceTree = "<group>";
		};
		7F6C02F2E9E2A8E7C337FC26 /* Services */ = {
			isa = PBXGroup;
			children = (
				F5D9089FAA12F8CDF0710813 /* APNsClient.swift */,
				81E08E6062A74F4982F5FA16 /* APNsKeyStore.swift */,
				3FFBB5F208F16F99E170009A /* AuditLogger.swift */,
				C9B0051B1E4D19C01D69982E /* AuthThrottle.swift */,
				EBFB66F35E0DB7CFEA44761B /* BonjourAdvertiser.swift */,
				11E45D24608373377E2D46D3 /* ClaudeModeDetector.swift */,
				2212F34B839B3C63906BAD2C /* CloudflareTunnel.swift */,
				6F2F800B05C6E3B1022489FD /* ConnectionLog.swift */,
				2B0B9C724A81CC5A243284D8 /* ImageUploadHandler.swift */,
				A56A336266F29BFDA4CB1C10 /* KeystrokeInjector.swift */,
				6ED3CA65D3DE8E2C7DCF5769 /* KokoroTTS.swift */,
				1BB74E325653A8DA71C1B8EA /* LogPaths.swift */,
				B2BE934418962AAB550CF87F /* NetworkMode.swift */,
				2E4A88C19C3BFF8C38C0B2E4 /* PermissionProbeService.swift */,
				06BBCCD34532C15A5A05B49A /* PINManager.swift */,
				B5BBF33D3BEF237F79631FBD /* PushNotificationService.swift */,
				7F854257F09ED55190DA9754 /* SecretRedactor.swift */,
				88BE6CF66C22B39C6DAACAA1 /* TailscaleService.swift */,
				FE4C92DB2B69AF079BEC6369 /* TerminalColorManager.swift */,
				B4B67C6602EBEE7D97BCE304 /* TerminalStateDetector.swift */,
				73FCC8550866B2D7A72DE1C5 /* TerminalURLExtractor.swift */,
				3EC90466A8AD9BEAE5A07DDC /* WebSocketServer.swift */,
				5E95B5D735BD68D7B185A9E1 /* WhisperDictationService.swift */,
				79CCA0A3EEB84C493F8E430E /* WhisperStatusStore.swift */,
				3A1FEC6C97F916BC3E12CC91 /* WindowManager.swift */,
			);
			path = Services;
			sourceTree = "<group>";
		};
		81C208E030078E1EF1A2B64C /* Products */ = {
			isa = PBXGroup;
			children = (
				7C72FAA7988E0CA53E9ADCCD /* QuipMac.app */,
				5B283E1205AA8D907541BB47 /* QuipMacTests.xctest */,
			);
			name = Products;
			sourceTree = "<group>";
		};
		9BA6091266EE5956465EEF84 = {
			isa = PBXGroup;
			children = (
				D32FA749E86D0C4ECD728F1E /* Models */,
				DE1C5C943105EDBCAE6210E2 /* Quip */,
				F621177D73579FB347509BD2 /* Resources */,
				7F6C02F2E9E2A8E7C337FC26 /* Services */,
				261F4D64422089A54A9B1924 /* Tests */,
				D87702261819716197ADF4C3 /* Views */,
				81C208E030078E1EF1A2B64C /* Products */,
			);
			sourceTree = "<group>";
		};
		D32FA749E86D0C4ECD728F1E /* Models */ = {
			isa = PBXGroup;
			children = (
				8726F91288D7DA56A936419F /* LayoutPreset.swift */,
				ADE18C6DB634684CAA7FE1D5 /* WindowInfo.swift */,
			);
			path = Models;
			sourceTree = "<group>";
		};
		D87702261819716197ADF4C3 /* Views */ = {
			isa = PBXGroup;
			children = (
				A2B19559A6253B0E85D5C581 /* Color+Hex.swift */,
				C57A110912607ACED6E89B19 /* LayoutPresetTabs.swift */,
				B5EFE906905D43F124D49A7A /* LayoutPreview.swift */,
				6C947C022B2F6D1CB4FED43F /* MainWindow.swift */,
				81BB452979FFEEB64D818B68 /* MenuBarView.swift */,
				4807DB7DFE825999F9E15D66 /* MonitorSelector.swift */,
				AFDA71A2750027A58181E528 /* SettingsView.swift */,
				FBAFA76040229EEE779AC055 /* WindowListSidebar.swift */,
			);
			path = Views;
			sourceTree = "<group>";
		};
		DE1C5C943105EDBCAE6210E2 /* Quip */ = {
			isa = PBXGroup;
			children = (
				E8B939A39C990A27EDB6FE17 /* Shared */,
			);
			name = Quip;
			path = ..;
			sourceTree = "<group>";
		};
		E56170348B0179726BD84836 /* Tests */ = {
			isa = PBXGroup;
			children = (
				6B5A07701D8FE93394003C87 /* ArrangeLayoutMappingTests.swift */,
				6789468087C0DADB2E58869D /* AudioRingBufferTests.swift */,
				5BDEBA5C1FF3ADA484633B4B /* ImageUploadMessageTests.swift */,
				45F9BC10D98A7C867B02D5A1 /* KeystrokeFocusDelayTests.swift */,
				F512A11137B9D4537AB6361B /* MessageProtocolTests.swift */,
				589E484D563BAA76B0634F61 /* MirrorDesktopFilterTests.swift */,
				B2165769DE1070C93A139C24 /* PCMChunkerTests.swift */,
				82C669FF7E15B0F791E6B00E /* PTTWindowTrackerTests.swift */,
				682D1CC11B830E8D9F079FB7 /* SeamStitcherTests.swift */,
				8F2FC54EF7BE5384458CC160 /* WindowManagerSessionIdTests.swift */,
			);
			path = Tests;
			sourceTree = "<group>";
		};
		E8B939A39C990A27EDB6FE17 /* Shared */ = {
			isa = PBXGroup;
			children = (
				7B772AF07D680F56F89EEA91 /* AudioRingBuffer.swift */,
				CD884FDC1F567F0F5B50B23C /* Constants.swift */,
				EFB206BDF80C59B557B5561A /* MessageProtocol.swift */,
				C4F88E483BBB2954E4D41D7B /* PCMChunker.swift */,
				4D27715C83416E12D0A2488F /* PTTWindowTracker.swift */,
				3E62E57A20864587E11C9636 /* SeamStitcher.swift */,
				E56170348B0179726BD84836 /* Tests */,
			);
			path = Shared;
			sourceTree = "<group>";
		};
		F621177D73579FB347509BD2 /* Resources */ = {
			isa = PBXGroup;
			children = (
				CD526E4C21F232FACDCD3F3F /* DefaultLayouts.json */,
				68BD4937C2DB6DD04A719C32 /* kokoro_tts.py */,
			);
			path = Resources;
			sourceTree = "<group>";
		};
		"TEMP_04955270-CA44-4D1C-9A4F-55DCE0F2815C" /* QuipMac */ = {
			isa = PBXGroup;
			children = (
				"TEMP_E4F461ED-D031-4544-8979-2AEEBBB87589" /* QuipMacApp.swift */,
				"TEMP_0E86A77D-D4DA-4DEC-AE4C-B70F93EF0131" /* Assets.xcassets */,
				"TEMP_6A57F206-751E-495C-9EFA-E955354125A9" /* Info.plist */,
				F621177D73579FB347509BD2 /* Resources */,
				D32FA749E86D0C4ECD728F1E /* Models */,
				D87702261819716197ADF4C3 /* Views */,
				7F6C02F2E9E2A8E7C337FC26 /* Services */,
			);
			path = QuipMac;
			sourceTree = "<group>";
		};
/* End PBXGroup section */

/* Begin PBXNativeTarget section */
		7DA4CF756C7236D920246230 /* QuipMacTests */ = {
			isa = PBXNativeTarget;
			buildConfigurationList = 0DBD47E57A563970E629273A /* Build configuration list for PBXNativeTarget "QuipMacTests" */;
			buildPhases = (
				BAF32C4C8FB46DDA9EDE13AE /* Sources */,
			);
			buildRules = (
			);
			dependencies = (
				9BA632682399362E63FB0176 /* PBXTargetDependency */,
			);
			name = QuipMacTests;
			packageProductDependencies = (
			);
			productName = QuipMacTests;
			productReference = 5B283E1205AA8D907541BB47 /* QuipMacTests.xctest */;
			productType = "com.apple.product-type.bundle.unit-test";
		};
		91DF7F051DA6E858CC021414 /* QuipMac */ = {
			isa = PBXNativeTarget;
			buildConfigurationList = F6331D9A89DC399F1C1C7455 /* Build configuration list for PBXNativeTarget "QuipMac" */;
			buildPhases = (
				5502C86518C93053957FC281 /* Sources */,
				F5CACDB47476D62FA81CC0ED /* Resources */,
				F43AEC0A18C7F02260564851 /* Frameworks */,
				F69B6BA8D0716A04CFD436D3 /* Bundle cloudflared */,
			);
			buildRules = (
			);
			dependencies = (
			);
			name = QuipMac;
			packageProductDependencies = (
				98F4DBD3AC4FF6A28304DD5E /* WhisperKit */,
			);
			productName = QuipMac;
			productReference = 7C72FAA7988E0CA53E9ADCCD /* QuipMac.app */;
			productType = "com.apple.product-type.application";
		};
/* End PBXNativeTarget section */

/* Begin PBXProject section */
		E474FA1B7E69EE35F8AE30E9 /* Project object */ = {
			isa = PBXProject;
			attributes = {
				BuildIndependentTargetsInParallel = YES;
				LastUpgradeCheck = 1600;
				TargetAttributes = {
					91DF7F051DA6E858CC021414 = {
						ProvisioningStyle = Automatic;
					};
				};
			};
			buildConfigurationList = 15433237F28E21CCF2CA9B36 /* Build configuration list for PBXProject "QuipMac" */;
			compatibilityVersion = "Xcode 14.0";
			developmentRegion = en;
			hasScannedForEncodings = 0;
			knownRegions = (
				Base,
				en,
			);
			mainGroup = 9BA6091266EE5956465EEF84;
			minimizedProjectReferenceProxies = 1;
			packageReferences = (
				2D5B43382335B12AB8D8B6C5 /* XCRemoteSwiftPackageReference "WhisperKit" */,
			);
			preferredProjectObjectVersion = 77;
			projectDirPath = "";
			projectRoot = "";
			targets = (
				91DF7F051DA6E858CC021414 /* QuipMac */,
				7DA4CF756C7236D920246230 /* QuipMacTests */,
			);
		};
/* End PBXProject section */

/* Begin PBXResourcesBuildPhase section */
		F5CACDB47476D62FA81CC0ED /* Resources */ = {
			isa = PBXResourcesBuildPhase;
			buildActionMask = 2147483647;
			files = (
				F0CC2171B9BC801516463331 /* Assets.xcassets in Resources */,
				425DCC822BD1C987A508873B /* DefaultLayouts.json in Resources */,
				CA061A5EA5E9FFFED7B88CA6 /* kokoro_tts.py in Resources */,
			);
			runOnlyForDeploymentPostprocessing = 0;
		};
/* End PBXResourcesBuildPhase section */

/* Begin PBXShellScriptBuildPhase section */
		F69B6BA8D0716A04CFD436D3 /* Bundle cloudflared */ = {
			isa = PBXShellScriptBuildPhase;
			buildActionMask = 2147483647;
			files = (
			);
			inputFileListPaths = (
			);
			inputPaths = (
			);
			name = "Bundle cloudflared";
			outputFileListPaths = (
			);
			outputPaths = (
			);
			runOnlyForDeploymentPostprocessing = 0;
			shellPath = /bin/sh;
			shellScript = "cp -f \"${SRCROOT}/Resources/cloudflared\" \"${BUILT_PRODUCTS_DIR}/${PRODUCT_NAME}.app/Contents/Resources/cloudflared\"\nchmod +x \"${BUILT_PRODUCTS_DIR}/${PRODUCT_NAME}.app/Contents/Resources/cloudflared\"\n";
		};
/* End PBXShellScriptBuildPhase section */

/* Begin PBXSourcesBuildPhase section */
		5502C86518C93053957FC281 /* Sources */ = {
			isa = PBXSourcesBuildPhase;
			buildActionMask = 2147483647;
			files = (
				6FF9FBA8F15F5B3448809A8D /* APNsClient.swift in Sources */,
				C68B39F81066E2B42D55AE69 /* APNsKeyStore.swift in Sources */,
				5322A857B9208D76DBF6E503 /* AudioRingBuffer.swift in Sources */,
				F0476745D4BE09BEA5E6FA79 /* AuditLogger.swift in Sources */,
				99CB71752F02DDBC17142390 /* AuthThrottle.swift in Sources */,
				F0BDBE94C7CB5AD6685E33E5 /* BonjourAdvertiser.swift in Sources */,
				6206170D640DFCB204C0CD84 /* ClaudeModeDetector.swift in Sources */,
				CDECFE9CA16389D2F1B455D5 /* CloudflareTunnel.swift in Sources */,
				864A7798EAC351C8B5E8E39F /* Color+Hex.swift in Sources */,
				8A417F2510A72EBDC859412C /* ConnectionLog.swift in Sources */,
				FB072CFAFE2EFEBE82AC01D4 /* Constants.swift in Sources */,
				BF0FBA9E0D24561D417C885D /* ImageUploadHandler.swift in Sources */,
				6A687DBD83641F9456CDB731 /* KeystrokeInjector.swift in Sources */,
				9E9263F5B804961A1B7225A8 /* KokoroTTS.swift in Sources */,
				1A23A388645C53D6E41A1238 /* LayoutPreset.swift in Sources */,
				4C1F7E7F9836B4D3EF5D6FD7 /* LayoutPresetTabs.swift in Sources */,
				0553EF1A21F0C774DAA2F0D6 /* LayoutPreview.swift in Sources */,
				AF8CF9B66ACCC53E3CF2B4FA /* LogPaths.swift in Sources */,
				9B4D46C0E2C0623E6F9BE1C6 /* MainWindow.swift in Sources */,
				BB7AD29C435EAFFE6F8DED12 /* MenuBarView.swift in Sources */,
				3E80AB53764777CE3E79A463 /* MessageProtocol.swift in Sources */,
				3A4AA39F4C89AA307F54001D /* MonitorSelector.swift in Sources */,
				107399D353901EBFF5FB310B /* NetworkMode.swift in Sources */,
				53F7539F917A105C1DF281AB /* PCMChunker.swift in Sources */,
				6AF59F80397868055AA1DA8F /* PINManager.swift in Sources */,
				1BFFDD98C1E1578755E3B874 /* PTTWindowTracker.swift in Sources */,
				DB25E0C4E38ECC8B9A42D04D /* PermissionProbeService.swift in Sources */,
				9084D0AD136CA9E40A96DE7E /* PushNotificationService.swift in Sources */,
				90DC0538AD2AB94DCA09D040 /* QuipMacApp.swift in Sources */,
				879115E516EAFBE69CFC6E51 /* SeamStitcher.swift in Sources */,
				E16F140F49A779C15EAA0862 /* SecretRedactor.swift in Sources */,
				63FE4D9F58CCE850B4F8D7FE /* SettingsView.swift in Sources */,
				166D5EA3635FC5603D18D5A6 /* TailscaleService.swift in Sources */,
				F6BAA00D69BD1F037B3D22A1 /* TerminalColorManager.swift in Sources */,
				2D3A9D787C29669647538F78 /* TerminalStateDetector.swift in Sources */,
				AF54B4FBF351780F625437CA /* TerminalURLExtractor.swift in Sources */,
				A81002D85A2BC5AA5976AFCF /* WebSocketServer.swift in Sources */,
				7DE0BC0A1355E4517B96429A /* WhisperDictationService.swift in Sources */,
				E3D52168C6ED0D7E035F86C8 /* WhisperStatusStore.swift in Sources */,
				44D85DED79B8403CA7AE7459 /* WindowInfo.swift in Sources */,
				D771CA86FD23E660375CC1AC /* WindowListSidebar.swift in Sources */,
				EB8C0145B42599AFC038A801 /* WindowManager.swift in Sources */,
			);
			runOnlyForDeploymentPostprocessing = 0;
		};
		BAF32C4C8FB46DDA9EDE13AE /* Sources */ = {
			isa = PBXSourcesBuildPhase;
			buildActionMask = 2147483647;
			files = (
				B8F784DAB51BBEBD94DE4D1A /* APNsJWTTests.swift in Sources */,
				19BF72AF894F3D230BA2B8A6 /* ArrangeLayoutMappingTests.swift in Sources */,
				F77CFDC85D04FA667F66028B /* AudioRingBufferTests.swift in Sources */,
				14DAC6065803A0A60587E902 /* AuthThrottleTests.swift in Sources */,
				E1671AA42F6C302F2E176941 /* ClaudeModeScannerTests.swift in Sources */,
				CB4CE20C3C4CB1AA46978892 /* ITermWindowListParserTests.swift in Sources */,
				C3E6AD2C931293FB771CF8CC /* ImageUploadHandlerTests.swift in Sources */,
				7893732742065279CC924FCF /* ImageUploadMessageTests.swift in Sources */,
				BFAEC96E6C28193C492E7873 /* KeystrokeFocusDelayTests.swift in Sources */,
				15E7F693296D17701B7805E9 /* KeystrokeInjectorWriteExpressionTests.swift in Sources */,
				10651D74B2A895F33F9D4F2B /* MessageProtocolTests.swift in Sources */,
				13D5412FA1D65684388478B6 /* MirrorDesktopFilterTests.swift in Sources */,
				F052F06C47112A9B96B81D1F /* PCMChunkerTests.swift in Sources */,
				2204E721778AD2067D7822DF /* PTTWindowTrackerTests.swift in Sources */,
				116314BEF65175C6546B7FD6 /* PushRegisteredDeviceStoreTests.swift in Sources */,
				2B3ACC6C55378B07F087A5E0 /* SeamStitcherTests.swift in Sources */,
				776B6808FFB2C42DE93FF535 /* TerminalURLExtractorTests.swift in Sources */,
				485B5167C2AD4D011F24C887 /* WhisperDictationServiceTests.swift in Sources */,
				82C001C2D1E751B52E9323D6 /* WindowManagerSessionIdTests.swift in Sources */,
			);
			runOnlyForDeploymentPostprocessing = 0;
		};
/* End PBXSourcesBuildPhase section */

/* Begin PBXTargetDependency section */
		9BA632682399362E63FB0176 /* PBXTargetDependency */ = {
			isa = PBXTargetDependency;
			target = 91DF7F051DA6E858CC021414 /* QuipMac */;
			targetProxy = B9990AC87382AE392F82BBC3 /* PBXContainerItemProxy */;
		};
/* End PBXTargetDependency section */

/* Begin XCBuildConfiguration section */
		3695DE4E2A1A688D4E96D143 /* Debug */ = {
			isa = XCBuildConfiguration;
			buildSettings = {
				BUNDLE_LOADER = "$(TEST_HOST)";
				COMBINE_HIDPI_IMAGES = YES;
				GENERATE_INFOPLIST_FILE = YES;
				LD_RUNPATH_SEARCH_PATHS = (
					"$(inherited)",
					"@executable_path/../Frameworks",
					"@loader_path/../Frameworks",
				);
				MACOSX_DEPLOYMENT_TARGET = 14.0;
				PRODUCT_BUNDLE_IDENTIFIER = com.quip.QuipMacTests;
				SDKROOT = macosx;
				TEST_HOST = "$(BUILT_PRODUCTS_DIR)/Quip.app/Contents/MacOS/Quip";
			};
			name = Debug;
		};
		6AE8A7CB9F29DCB59D7E510C /* Debug */ = {
			isa = XCBuildConfiguration;
			buildSettings = {
				ALWAYS_SEARCH_USER_PATHS = NO;
				CLANG_ANALYZER_NONNULL = YES;
				CLANG_ANALYZER_NUMBER_OBJECT_CONVERSION = YES_AGGRESSIVE;
				CLANG_CXX_LANGUAGE_STANDARD = "gnu++14";
				CLANG_CXX_LIBRARY = "libc++";
				CLANG_ENABLE_MODULES = YES;
				CLANG_ENABLE_OBJC_ARC = YES;
				CLANG_ENABLE_OBJC_WEAK = YES;
				CLANG_WARN_BLOCK_CAPTURE_AUTORELEASING = YES;
				CLANG_WARN_BOOL_CONVERSION = YES;
				CLANG_WARN_COMMA = YES;
				CLANG_WARN_CONSTANT_CONVERSION = YES;
				CLANG_WARN_DEPRECATED_OBJC_IMPLEMENTATIONS = YES;
				CLANG_WARN_DIRECT_OBJC_ISA_USAGE = YES_ERROR;
				CLANG_WARN_DOCUMENTATION_COMMENTS = YES;
				CLANG_WARN_EMPTY_BODY = YES;
				CLANG_WARN_ENUM_CONVERSION = YES;
				CLANG_WARN_INFINITE_RECURSION = YES;
				CLANG_WARN_INT_CONVERSION = YES;
				CLANG_WARN_NON_LITERAL_NULL_CONVERSION = YES;
				CLANG_WARN_OBJC_IMPLICIT_RETAIN_SELF = YES;
				CLANG_WARN_OBJC_LITERAL_CONVERSION = YES;
				CLANG_WARN_OBJC_ROOT_CLASS = YES_ERROR;
				CLANG_WARN_QUOTED_INCLUDE_IN_FRAMEWORK_HEADER = YES;
				CLANG_WARN_RANGE_LOOP_ANALYSIS = YES;
				CLANG_WARN_STRICT_PROTOTYPES = YES;
				CLANG_WARN_SUSPICIOUS_MOVE = YES;
				CLANG_WARN_UNGUARDED_AVAILABILITY = YES_AGGRESSIVE;
				CLANG_WARN_UNREACHABLE_CODE = YES;
				CLANG_WARN__DUPLICATE_METHOD_MATCH = YES;
				COPY_PHASE_STRIP = NO;
				DEBUG_INFORMATION_FORMAT = dwarf;
				ENABLE_STRICT_OBJC_MSGSEND = YES;
				ENABLE_TESTABILITY = YES;
				ENABLE_USER_SCRIPT_SANDBOXING = NO;
				GCC_C_LANGUAGE_STANDARD = gnu11;
				GCC_DYNAMIC_NO_PIC = NO;
				GCC_NO_COMMON_BLOCKS = YES;
				GCC_OPTIMIZATION_LEVEL = 0;
				GCC_PREPROCESSOR_DEFINITIONS = (
					"$(inherited)",
					"DEBUG=1",
				);
				GCC_WARN_64_TO_32_BIT_CONVERSION = YES;
				GCC_WARN_ABOUT_RETURN_TYPE = YES_ERROR;
				GCC_WARN_UNDECLARED_SELECTOR = YES;
				GCC_WARN_UNINITIALIZED_AUTOS = YES_AGGRESSIVE;
				GCC_WARN_UNUSED_FUNCTION = YES;
				GCC_WARN_UNUSED_VARIABLE = YES;
				MACOSX_DEPLOYMENT_TARGET = 14.0;
				MTL_ENABLE_DEBUG_INFO = INCLUDE_SOURCE;
				MTL_FAST_MATH = YES;
				ONLY_ACTIVE_ARCH = YES;
				PRODUCT_NAME = "$(TARGET_NAME)";
				SDKROOT = macosx;
				SWIFT_ACTIVE_COMPILATION_CONDITIONS = DEBUG;
				SWIFT_OPTIMIZATION_LEVEL = "-Onone";
				SWIFT_STRICT_CONCURRENCY = minimal;
				SWIFT_VERSION = 6.0;
			};
			name = Debug;
		};
		740BB10B4813446A92CAFE2C /* Release */ = {
			isa = XCBuildConfiguration;
			buildSettings = {
				ASSETCATALOG_COMPILER_APPICON_NAME = AppIcon;
				CODE_SIGN_ENTITLEMENTS = QuipMac.entitlements;
				CODE_SIGN_IDENTITY = "-";
				CODE_SIGN_STYLE = Automatic;
				COMBINE_HIDPI_IMAGES = YES;
				ENABLE_HARDENED_RUNTIME = NO;
				INFOPLIST_FILE = Info.plist;
				LD_RUNPATH_SEARCH_PATHS = (
					"$(inherited)",
					"@executable_path/../Frameworks",
				);
				PRODUCT_BUNDLE_IDENTIFIER = com.quip.mac;
				PRODUCT_NAME = Quip;
				SDKROOT = macosx;
			};
			name = Release;
		};
		8055A16BCC8DF0D19CD1DC4D /* Debug */ = {
			isa = XCBuildConfiguration;
			buildSettings = {
				ASSETCATALOG_COMPILER_APPICON_NAME = AppIcon;
				CODE_SIGN_ENTITLEMENTS = QuipMac.entitlements;
				CODE_SIGN_IDENTITY = "-";
				CODE_SIGN_STYLE = Automatic;
				COMBINE_HIDPI_IMAGES = YES;
				ENABLE_HARDENED_RUNTIME = NO;
				INFOPLIST_FILE = Info.plist;
				LD_RUNPATH_SEARCH_PATHS = (
					"$(inherited)",
					"@executable_path/../Frameworks",
				);
				PRODUCT_BUNDLE_IDENTIFIER = com.quip.mac;
				PRODUCT_NAME = Quip;
				SDKROOT = macosx;
			};
			name = Debug;
		};
		A8C320938374C2E8AEAA4112 /* Release */ = {
			isa = XCBuildConfiguration;
			buildSettings = {
				ALWAYS_SEARCH_USER_PATHS = NO;
				CLANG_ANALYZER_NONNULL = YES;
				CLANG_ANALYZER_NUMBER_OBJECT_CONVERSION = YES_AGGRESSIVE;
				CLANG_CXX_LANGUAGE_STANDARD = "gnu++14";
				CLANG_CXX_LIBRARY = "libc++";
				CLANG_ENABLE_MODULES = YES;
				CLANG_ENABLE_OBJC_ARC = YES;
				CLANG_ENABLE_OBJC_WEAK = YES;
				CLANG_WARN_BLOCK_CAPTURE_AUTORELEASING = YES;
				CLANG_WARN_BOOL_CONVERSION = YES;
				CLANG_WARN_COMMA = YES;
				CLANG_WARN_CONSTANT_CONVERSION = YES;
				CLANG_WARN_DEPRECATED_OBJC_IMPLEMENTATIONS = YES;
				CLANG_WARN_DIRECT_OBJC_ISA_USAGE = YES_ERROR;
				CLANG_WARN_DOCUMENTATION_COMMENTS = YES;
				CLANG_WARN_EMPTY_BODY = YES;
				CLANG_WARN_ENUM_CONVERSION = YES;
				CLANG_WARN_INFINITE_RECURSION = YES;
				CLANG_WARN_INT_CONVERSION = YES;
				CLANG_WARN_NON_LITERAL_NULL_CONVERSION = YES;
				CLANG_WARN_OBJC_IMPLICIT_RETAIN_SELF = YES;
				CLANG_WARN_OBJC_LITERAL_CONVERSION = YES;
				CLANG_WARN_OBJC_ROOT_CLASS = YES_ERROR;
				CLANG_WARN_QUOTED_INCLUDE_IN_FRAMEWORK_HEADER = YES;
				CLANG_WARN_RANGE_LOOP_ANALYSIS = YES;
				CLANG_WARN_STRICT_PROTOTYPES = YES;
				CLANG_WARN_SUSPICIOUS_MOVE = YES;
				CLANG_WARN_UNGUARDED_AVAILABILITY = YES_AGGRESSIVE;
				CLANG_WARN_UNREACHABLE_CODE = YES;
				CLANG_WARN__DUPLICATE_METHOD_MATCH = YES;
				COPY_PHASE_STRIP = NO;
				DEBUG_INFORMATION_FORMAT = "dwarf-with-dsym";
				ENABLE_NS_ASSERTIONS = NO;
				ENABLE_STRICT_OBJC_MSGSEND = YES;
				ENABLE_USER_SCRIPT_SANDBOXING = NO;
				GCC_C_LANGUAGE_STANDARD = gnu11;
				GCC_NO_COMMON_BLOCKS = YES;
				GCC_WARN_64_TO_32_BIT_CONVERSION = YES;
				GCC_WARN_ABOUT_RETURN_TYPE = YES_ERROR;
				GCC_WARN_UNDECLARED_SELECTOR = YES;
				GCC_WARN_UNINITIALIZED_AUTOS = YES_AGGRESSIVE;
				GCC_WARN_UNUSED_FUNCTION = YES;
				GCC_WARN_UNUSED_VARIABLE = YES;
				MACOSX_DEPLOYMENT_TARGET = 14.0;
				MTL_ENABLE_DEBUG_INFO = NO;
				MTL_FAST_MATH = YES;
				PRODUCT_NAME = "$(TARGET_NAME)";
				SDKROOT = macosx;
				SWIFT_COMPILATION_MODE = wholemodule;
				SWIFT_OPTIMIZATION_LEVEL = "-O";
				SWIFT_STRICT_CONCURRENCY = minimal;
				SWIFT_VERSION = 6.0;
			};
			name = Release;
		};
		AE78D254A84EA3D103118C64 /* Release */ = {
			isa = XCBuildConfiguration;
			buildSettings = {
				BUNDLE_LOADER = "$(TEST_HOST)";
				COMBINE_HIDPI_IMAGES = YES;
				GENERATE_INFOPLIST_FILE = YES;
				LD_RUNPATH_SEARCH_PATHS = (
					"$(inherited)",
					"@executable_path/../Frameworks",
					"@loader_path/../Frameworks",
				);
				MACOSX_DEPLOYMENT_TARGET = 14.0;
				PRODUCT_BUNDLE_IDENTIFIER = com.quip.QuipMacTests;
				SDKROOT = macosx;
				TEST_HOST = "$(BUILT_PRODUCTS_DIR)/Quip.app/Contents/MacOS/Quip";
			};
			name = Release;
		};
/* End XCBuildConfiguration section */

/* Begin XCConfigurationList section */
		0DBD47E57A563970E629273A /* Build configuration list for PBXNativeTarget "QuipMacTests" */ = {
			isa = XCConfigurationList;
			buildConfigurations = (
				3695DE4E2A1A688D4E96D143 /* Debug */,
				AE78D254A84EA3D103118C64 /* Release */,
			);
			defaultConfigurationIsVisible = 0;
			defaultConfigurationName = Debug;
		};
		15433237F28E21CCF2CA9B36 /* Build configuration list for PBXProject "QuipMac" */ = {
			isa = XCConfigurationList;
			buildConfigurations = (
				6AE8A7CB9F29DCB59D7E510C /* Debug */,
				A8C320938374C2E8AEAA4112 /* Release */,
			);
			defaultConfigurationIsVisible = 0;
			defaultConfigurationName = Debug;
		};
		F6331D9A89DC399F1C1C7455 /* Build configuration list for PBXNativeTarget "QuipMac" */ = {
			isa = XCConfigurationList;
			buildConfigurations = (
				8055A16BCC8DF0D19CD1DC4D /* Debug */,
				740BB10B4813446A92CAFE2C /* Release */,
			);
			defaultConfigurationIsVisible = 0;
			defaultConfigurationName = Debug;
		};
/* End XCConfigurationList section */

/* Begin XCRemoteSwiftPackageReference section */
		2D5B43382335B12AB8D8B6C5 /* XCRemoteSwiftPackageReference "WhisperKit" */ = {
			isa = XCRemoteSwiftPackageReference;
			repositoryURL = "https://github.com/argmaxinc/WhisperKit";
			requirement = {
				kind = upToNextMajorVersion;
				minimumVersion = 0.9.0;
			};
		};
/* End XCRemoteSwiftPackageReference section */

/* Begin XCSwiftPackageProductDependency section */
		98F4DBD3AC4FF6A28304DD5E /* WhisperKit */ = {
			isa = XCSwiftPackageProductDependency;
			package = 2D5B43382335B12AB8D8B6C5 /* XCRemoteSwiftPackageReference "WhisperKit" */;
			productName = WhisperKit;
		};
/* End XCSwiftPackageProductDependency section */
	};
	rootObject = E474FA1B7E69EE35F8AE30E9 /* Project object */;
}
