// !$*UTF8*$!
{
	archiveVersion = 1;
	classes = {
	};
	objectVersion = 77;
	objects = {

/* Begin PBXBuildFile section */
		011C1FA73D1865A5DFBCA40E /* SeamStitcher.swift in Sources */ = {isa = PBXBuildFile; fileRef = ED7E3E6E78D3A418103DBD8C /* SeamStitcher.swift */; };
		034FCCCD9B6278E606AB7BBE /* RemoteSpeechSessionTests.swift in Sources */ = {isa = PBXBuildFile; fileRef = BB799E5EBA5A72A97A8EDD06 /* RemoteSpeechSessionTests.swift */; };
		035352DA912748C3F99D4D6C /* QuipMacPermsActivityAttributes.swift in Sources */ = {isa = PBXBuildFile; fileRef = E9CD5E023A432434C3093C06 /* QuipMacPermsActivityAttributes.swift */; };
		046BFBEA924261A691A9EA3B /* PendingImagePreviewStrip.swift in Sources */ = {isa = PBXBuildFile; fileRef = BE0BC3568ECDD8FC3E78B940 /* PendingImagePreviewStrip.swift */; };
		0AA0F2FFEDD25846D8E8E6A0 /* AudioRingBuffer.swift in Sources */ = {isa = PBXBuildFile; fileRef = 30CED6C2881B9B0070767205 /* AudioRingBuffer.swift */; };
		0DB71EDB9501F21F1248DF62 /* QuipMacPermsActivityWidget.swift in Sources */ = {isa = PBXBuildFile; fileRef = 46181BEC707D4C04671D336E /* QuipMacPermsActivityWidget.swift */; };
		1FED4AB0761613E80C3FAC9D /* SpeechServicePathSelectionTests.swift in Sources */ = {isa = PBXBuildFile; fileRef = 47C70308C62E57B9CBBEFF9E /* SpeechServicePathSelectionTests.swift */; };
		20FE94C556B5D03097FB0030 /* PreferencesSyncService.swift in Sources */ = {isa = PBXBuildFile; fileRef = D94647DAF2E9DB9470CB5FF5 /* PreferencesSyncService.swift */; };
		216CB65B0E4953EF7B3C45BA /* LiveActivityService.swift in Sources */ = {isa = PBXBuildFile; fileRef = 731E1A072569A16DBA76D9EB /* LiveActivityService.swift */; };
		261C1C66A5F75E185F591DD1 /* KeystrokeFocusDelayTests.swift in Sources */ = {isa = PBXBuildFile; fileRef = A76C509CF77201B2EB8B5677 /* KeystrokeFocusDelayTests.swift */; };
		27B8C39B88FB6144FECCDC55 /* PCMChunkerTests.swift in Sources */ = {isa = PBXBuildFile; fileRef = 4B7A2E5808A455F967117889 /* PCMChunkerTests.swift */; };
		2C52F265432CF7E5BFF28F68 /* QuipLiveActivityAttributes.swift in Sources */ = {isa = PBXBuildFile; fileRef = 5DE5492ADBC22C9381D58D40 /* QuipLiveActivityAttributes.swift */; };
		2E3F0351CC5E90C934E0F0B2 /* HardwareButtonHandler.swift in Sources */ = {isa = PBXBuildFile; fileRef = 63A7D08ECBB0B1EFA3F77328 /* HardwareButtonHandler.swift */; };
		2E6A08D65DF1E6DCC0BB7E79 /* ImageRecompressorTests.swift in Sources */ = {isa = PBXBuildFile; fileRef = F37E465512A160C3F0FE0310 /* ImageRecompressorTests.swift */; };
		2F94D38C500B41994A45596A /* ImageUploadMessageTests.swift in Sources */ = {isa = PBXBuildFile; fileRef = 5DED5CFC890EBB97FEDDAAFC /* ImageUploadMessageTests.swift */; };
		2FDDC840F5A589B81D2517D0 /* MessageProtocol.swift in Sources */ = {isa = PBXBuildFile; fileRef = FE4E6BADD636034CE8C5EC9A /* MessageProtocol.swift */; };
		2FE851D3B7E5A263C2E1A06F /* SilentModeDetector.swift in Sources */ = {isa = PBXBuildFile; fileRef = DDFEC177041E6CF5C96C7D88 /* SilentModeDetector.swift */; };
		390A246B5D13F798E9B55E7B /* ImageRecompressor.swift in Sources */ = {isa = PBXBuildFile; fileRef = 1D6ED80C8277F668CC0B273C /* ImageRecompressor.swift */; };
		3C69E42DAC8E6515F9BC3F03 /* WindowManagerSessionIdTests.swift in Sources */ = {isa = PBXBuildFile; fileRef = 764505DC63C7C214558A63CC /* WindowManagerSessionIdTests.swift */; };
		413005C731BCDCED5438E47F /* InlineTerminalContentBranchTests.swift in Sources */ = {isa = PBXBuildFile; fileRef = AD67F0481CA1F97EEB2F5D7C /* InlineTerminalContentBranchTests.swift */; };
		BAE1BE644A1C4697BEE9DB46 /* RecognizerRolloverTests.swift in Sources */ = {isa = PBXBuildFile; fileRef = B5803A385303C46EA4D51BE3 /* RecognizerRolloverTests.swift */; };
		3EA86BE677664FD4A49B813D /* PhoneLayoutChooserTests.swift in Sources */ = {isa = PBXBuildFile; fileRef = 859196B75583406E935B86A7 /* PhoneLayoutChooserTests.swift */; };
		46B88647F52CB2FD8C378212 /* dictation-vocab.txt in Resources */ = {isa = PBXBuildFile; fileRef = 38403BB3D3EAD614680767A6 /* dictation-vocab.txt */; };
		48F28455B8142325D6833C25 /* QuipTheme.swift in Sources */ = {isa = PBXBuildFile; fileRef = BE693F49CD672CFD1507FDC6 /* QuipTheme.swift */; };
		4D0689B3D9653512F27A322D /* BonjourBrowser.swift in Sources */ = {isa = PBXBuildFile; fileRef = 9EB84DC38B2B261AB78D9B78 /* BonjourBrowser.swift */; };
		4DD215CB4746FD0FA6D82DD4 /* WebSocketClient.swift in Sources */ = {isa = PBXBuildFile; fileRef = B5760F08A42C6C6570E49A4B /* WebSocketClient.swift */; };
		545F466547A7823805966083 /* TerminalContentOverlay.swift in Sources */ = {isa = PBXBuildFile; fileRef = 591693AB60296E1978E9F2D1 /* TerminalContentOverlay.swift */; };
		5B36FBA58C811B5085CC8DF6 /* RemoteSpeechSession.swift in Sources */ = {isa = PBXBuildFile; fileRef = E10C0B106747159F0E24ED6C /* RemoteSpeechSession.swift */; };
		61BEA675BFFB5F8019D960F0 /* TTSNotificationOverlay.swift in Sources */ = {isa = PBXBuildFile; fileRef = 89064CA2FFA4B5A35BC437E8 /* TTSNotificationOverlay.swift */; };
		6441F32153F6E86CF6529571 /* QuipApp.swift in Sources */ = {isa = PBXBuildFile; fileRef = 959643D7FC10BD21E0FDE409 /* QuipApp.swift */; };
		67348F3277C90D577C7D95D3 /* PushRegistrationService.swift in Sources */ = {isa = PBXBuildFile; fileRef = ADA867C4EE46E8D6EEA5EC8D /* PushRegistrationService.swift */; };
		689A5ACEE675BEBE7608C903 /* PTTWindowTrackerTests.swift in Sources */ = {isa = PBXBuildFile; fileRef = D1BB453F0473949D38101D3F /* PTTWindowTrackerTests.swift */; };
		6D05492F589AA379C4DB67BA /* MessageProtocolTests.swift in Sources */ = {isa = PBXBuildFile; fileRef = 343D7EF269316EB5B3DCC796 /* MessageProtocolTests.swift */; };
		6EB4C507372507C62A6F49ED /* PTTWindowTracker.swift in Sources */ = {isa = PBXBuildFile; fileRef = 6FE3FC3415A512C214E8D8D9 /* PTTWindowTracker.swift */; };
		6F89F8CCE385F0E125415C6B /* WhisperAudioSenderTests.swift in Sources */ = {isa = PBXBuildFile; fileRef = 4A833238659B2E7E8D205F45 /* WhisperAudioSenderTests.swift */; };
		7855744B8C4218CBACE69836 /* WindowInfo.swift in Sources */ = {isa = PBXBuildFile; fileRef = 414AD810B644C175CFB73EE5 /* WindowInfo.swift */; };
		7880A1510DE089958DF89CAA /* WindowRectangle.swift in Sources */ = {isa = PBXBuildFile; fileRef = 28C25E9D2C8F4C324CDAF8B9 /* WindowRectangle.swift */; };
		81636C8A292C763A850701B8 /* PCMChunker.swift in Sources */ = {isa = PBXBuildFile; fileRef = 3FC01677A64725213479F75E /* PCMChunker.swift */; };
		90AC9E73F35BAD1CC1917C75 /* QuipLiveActivityBundle.swift in Sources */ = {isa = PBXBuildFile; fileRef = 04067ECD7983ACC50844C82D /* QuipLiveActivityBundle.swift */; };
		911B08CC263A882D5F10E54B /* QuipLiveActivityAttributes.swift in Sources */ = {isa = PBXBuildFile; fileRef = 5DE5492ADBC22C9381D58D40 /* QuipLiveActivityAttributes.swift */; };
		996767763A69068B0D1D8687 /* SpeechService.swift in Sources */ = {isa = PBXBuildFile; fileRef = F7EED90216075AC25A1EDB70 /* SpeechService.swift */; };
		A77BA34594060260386B5501 /* QuipMacPermsActivityAttributes.swift in Sources */ = {isa = PBXBuildFile; fileRef = E9CD5E023A432434C3093C06 /* QuipMacPermsActivityAttributes.swift */; };
		A795C27D5F398A26647E2B49 /* SeamStitcherTests.swift in Sources */ = {isa = PBXBuildFile; fileRef = 0B827C2D030F43E7C9485615 /* SeamStitcherTests.swift */; };
		A977CCC72BA863A04F17FB77 /* Assets.xcassets in Resources */ = {isa = PBXBuildFile; fileRef = 07BAAAC4E0E8051B6FF2664E /* Assets.xcassets */; };
		AC12BD221896070181F785DC /* QuipLiveActivityWidget.swift in Sources */ = {isa = PBXBuildFile; fileRef = 109D3594919D4EF54DE97C72 /* QuipLiveActivityWidget.swift */; };
		B74D4BBBD664959095BE58DE /* ConnectionStatusBar.swift in Sources */ = {isa = PBXBuildFile; fileRef = F09BCC5DEEA227B256C96191 /* ConnectionStatusBar.swift */; };
		B86CDE99611F63E70CB7C7A3 /* RemoteLayoutView.swift in Sources */ = {isa = PBXBuildFile; fileRef = 8AA3AAD9A42CCC12C55FB55F /* RemoteLayoutView.swift */; };
		BC0AAA34114426CFF2BEEB74 /* ArrangeLayoutMappingTests.swift in Sources */ = {isa = PBXBuildFile; fileRef = CDEE82AF4A4EEBCF4A0DED50 /* ArrangeLayoutMappingTests.swift */; };
		C048886FBB8F8115ED5B1964 /* PushNotificationCenter.swift in Sources */ = {isa = PBXBuildFile; fileRef = 3153F1300EF9EB3372F1EE7A /* PushNotificationCenter.swift */; };
		C10D61840E80EDAD704827A9 /* Color+Hex.swift in Sources */ = {isa = PBXBuildFile; fileRef = 310DDC8B5BA9B05DA4632BF5 /* Color+Hex.swift */; };
		CA62A184114B15E2FB535A95 /* MirrorDesktopFilterTests.swift in Sources */ = {isa = PBXBuildFile; fileRef = 9BAE6A8EDAED117D04D2161D /* MirrorDesktopFilterTests.swift */; };
		D0B1694FE8FBF6965FCE4748 /* WhisperAudioSender.swift in Sources */ = {isa = PBXBuildFile; fileRef = 4E556291C05B9A0CF7C50AA5 /* WhisperAudioSender.swift */; };
		D574C92B13CDC64E5C200CAB /* PTTStressTests.swift in Sources */ = {isa = PBXBuildFile; fileRef = FFE14A146132EC2FDBF484D2 /* PTTStressTests.swift */; };
		D90497A715C2D1FEBC04B532 /* LinkifiedTerminalContentTests.swift in Sources */ = {isa = PBXBuildFile; fileRef = D6D5159A24459D33F4AE547B /* LinkifiedTerminalContentTests.swift */; };
		E15A8F5B7E6A925B33ECA315 /* KeychainDeviceID.swift in Sources */ = {isa = PBXBuildFile; fileRef = 382370F0C983ABEC82E06430 /* KeychainDeviceID.swift */; };
		E634311FF9DEAEA0E074302E /* ImagePickerPresenter.swift in Sources */ = {isa = PBXBuildFile; fileRef = 3150B50687617E509C16EC1D /* ImagePickerPresenter.swift */; };
		F7B32FEF1E1A176C2710D831 /* PendingImageState.swift in Sources */ = {isa = PBXBuildFile; fileRef = 773DBA5F5449A8B4C8E7D1AE /* PendingImageState.swift */; };
		F955600133754F7655E89EB6 /* AudioRingBufferTests.swift in Sources */ = {isa = PBXBuildFile; fileRef = 25530A43AA8DC90AF7ED2C57 /* AudioRingBufferTests.swift */; };
		FD026502AE44AEC997D48C0B /* ContextMenuView.swift in Sources */ = {isa = PBXBuildFile; fileRef = AB1FAB05086E60FFC302C3E6 /* ContextMenuView.swift */; };
/* End PBXBuildFile section */

/* Begin PBXContainerItemProxy section */
		A700083DAD11081C5B039D1F /* PBXContainerItemProxy */ = {
			isa = PBXContainerItemProxy;
			containerPortal = 1FFEE7473E4CC1ABAFA5B870 /* Project object */;
			proxyType = 1;
			remoteGlobalIDString = 0106693FA1DD6F4A224F80DD;
			remoteInfo = QuipiOS;
		};
/* End PBXContainerItemProxy section */

/* Begin PBXFileReference section */
		01EA3B9F2E651E55A79DFB40 /* QuipiOS.app */ = {isa = PBXFileReference; includeInIndex = 0; lastKnownFileType = wrapper.application; path = QuipiOS.app; sourceTree = BUILT_PRODUCTS_DIR; };
		04067ECD7983ACC50844C82D /* QuipLiveActivityBundle.swift */ = {isa = PBXFileReference; lastKnownFileType = sourcecode.swift; path = QuipLiveActivityBundle.swift; sourceTree = "<group>"; };
		07BAAAC4E0E8051B6FF2664E /* Assets.xcassets */ = {isa = PBXFileReference; lastKnownFileType = folder.assetcatalog; path = Assets.xcassets; sourceTree = "<group>"; };
		0B827C2D030F43E7C9485615 /* SeamStitcherTests.swift */ = {isa = PBXFileReference; lastKnownFileType = sourcecode.swift; path = SeamStitcherTests.swift; sourceTree = "<group>"; };
		109D3594919D4EF54DE97C72 /* QuipLiveActivityWidget.swift */ = {isa = PBXFileReference; lastKnownFileType = sourcecode.swift; path = QuipLiveActivityWidget.swift; sourceTree = "<group>"; };
		18AE69F5AEDB7F658B8657E8 /* QuipiOS.entitlements */ = {isa = PBXFileReference; lastKnownFileType = text.plist.entitlements; path = QuipiOS.entitlements; sourceTree = "<group>"; };
		18E21C7F1FD2E724E4790F5D /* QuipLiveActivity.appex */ = {isa = PBXFileReference; includeInIndex = 0; lastKnownFileType = "wrapper.app-extension"; path = QuipLiveActivity.appex; sourceTree = BUILT_PRODUCTS_DIR; };
		1D6ED80C8277F668CC0B273C /* ImageRecompressor.swift */ = {isa = PBXFileReference; lastKnownFileType = sourcecode.swift; path = ImageRecompressor.swift; sourceTree = "<group>"; };
		25530A43AA8DC90AF7ED2C57 /* AudioRingBufferTests.swift */ = {isa = PBXFileReference; lastKnownFileType = sourcecode.swift; path = AudioRingBufferTests.swift; sourceTree = "<group>"; };
		28C25E9D2C8F4C324CDAF8B9 /* WindowRectangle.swift */ = {isa = PBXFileReference; lastKnownFileType = sourcecode.swift; path = WindowRectangle.swift; sourceTree = "<group>"; };
		2931F612B095AEDB42A97FE4 /* QuipiOSTests.xctest */ = {isa = PBXFileReference; includeInIndex = 0; lastKnownFileType = wrapper.cfbundle; path = QuipiOSTests.xctest; sourceTree = BUILT_PRODUCTS_DIR; };
		30CED6C2881B9B0070767205 /* AudioRingBuffer.swift */ = {isa = PBXFileReference; lastKnownFileType = sourcecode.swift; path = AudioRingBuffer.swift; sourceTree = "<group>"; };
		310DDC8B5BA9B05DA4632BF5 /* Color+Hex.swift */ = {isa = PBXFileReference; lastKnownFileType = sourcecode.swift; path = "Color+Hex.swift"; sourceTree = "<group>"; };
		3150B50687617E509C16EC1D /* ImagePickerPresenter.swift */ = {isa = PBXFileReference; lastKnownFileType = sourcecode.swift; path = ImagePickerPresenter.swift; sourceTree = "<group>"; };
		3153F1300EF9EB3372F1EE7A /* PushNotificationCenter.swift */ = {isa = PBXFileReference; lastKnownFileType = sourcecode.swift; path = PushNotificationCenter.swift; sourceTree = "<group>"; };
		343D7EF269316EB5B3DCC796 /* MessageProtocolTests.swift */ = {isa = PBXFileReference; lastKnownFileType = sourcecode.swift; path = MessageProtocolTests.swift; sourceTree = "<group>"; };
		382370F0C983ABEC82E06430 /* KeychainDeviceID.swift */ = {isa = PBXFileReference; lastKnownFileType = sourcecode.swift; path = KeychainDeviceID.swift; sourceTree = "<group>"; };
		38403BB3D3EAD614680767A6 /* dictation-vocab.txt */ = {isa = PBXFileReference; lastKnownFileType = text; path = "dictation-vocab.txt"; sourceTree = "<group>"; };
		3FC01677A64725213479F75E /* PCMChunker.swift */ = {isa = PBXFileReference; lastKnownFileType = sourcecode.swift; path = PCMChunker.swift; sourceTree = "<group>"; };
		414AD810B644C175CFB73EE5 /* WindowInfo.swift */ = {isa = PBXFileReference; lastKnownFileType = sourcecode.swift; path = WindowInfo.swift; sourceTree = "<group>"; };
		46181BEC707D4C04671D336E /* QuipMacPermsActivityWidget.swift */ = {isa = PBXFileReference; lastKnownFileType = sourcecode.swift; path = QuipMacPermsActivityWidget.swift; sourceTree = "<group>"; };
		47C70308C62E57B9CBBEFF9E /* SpeechServicePathSelectionTests.swift */ = {isa = PBXFileReference; lastKnownFileType = sourcecode.swift; path = SpeechServicePathSelectionTests.swift; sourceTree = "<group>"; };
		4A833238659B2E7E8D205F45 /* WhisperAudioSenderTests.swift */ = {isa = PBXFileReference; lastKnownFileType = sourcecode.swift; path = WhisperAudioSenderTests.swift; sourceTree = "<group>"; };
		4B7A2E5808A455F967117889 /* PCMChunkerTests.swift */ = {isa = PBXFileReference; lastKnownFileType = sourcecode.swift; path = PCMChunkerTests.swift; sourceTree = "<group>"; };
		4E556291C05B9A0CF7C50AA5 /* WhisperAudioSender.swift */ = {isa = PBXFileReference; lastKnownFileType = sourcecode.swift; path = WhisperAudioSender.swift; sourceTree = "<group>"; };
		591693AB60296E1978E9F2D1 /* TerminalContentOverlay.swift */ = {isa = PBXFileReference; lastKnownFileType = sourcecode.swift; path = TerminalContentOverlay.swift; sourceTree = "<group>"; };
		5DE5492ADBC22C9381D58D40 /* QuipLiveActivityAttributes.swift */ = {isa = PBXFileReference; lastKnownFileType = sourcecode.swift; path = QuipLiveActivityAttributes.swift; sourceTree = "<group>"; };
		5DED5CFC890EBB97FEDDAAFC /* ImageUploadMessageTests.swift */ = {isa = PBXFileReference; lastKnownFileType = sourcecode.swift; path = ImageUploadMessageTests.swift; sourceTree = "<group>"; };
		63A7D08ECBB0B1EFA3F77328 /* HardwareButtonHandler.swift */ = {isa = PBXFileReference; lastKnownFileType = sourcecode.swift; path = HardwareButtonHandler.swift; sourceTree = "<group>"; };
		6FE3FC3415A512C214E8D8D9 /* PTTWindowTracker.swift */ = {isa = PBXFileReference; lastKnownFileType = sourcecode.swift; path = PTTWindowTracker.swift; sourceTree = "<group>"; };
		731E1A072569A16DBA76D9EB /* LiveActivityService.swift */ = {isa = PBXFileReference; lastKnownFileType = sourcecode.swift; path = LiveActivityService.swift; sourceTree = "<group>"; };
		764505DC63C7C214558A63CC /* WindowManagerSessionIdTests.swift */ = {isa = PBXFileReference; lastKnownFileType = sourcecode.swift; path = WindowManagerSessionIdTests.swift; sourceTree = "<group>"; };
		773DBA5F5449A8B4C8E7D1AE /* PendingImageState.swift */ = {isa = PBXFileReference; lastKnownFileType = sourcecode.swift; path = PendingImageState.swift; sourceTree = "<group>"; };
		89064CA2FFA4B5A35BC437E8 /* TTSNotificationOverlay.swift */ = {isa = PBXFileReference; lastKnownFileType = sourcecode.swift; path = TTSNotificationOverlay.swift; sourceTree = "<group>"; };
		8AA3AAD9A42CCC12C55FB55F /* RemoteLayoutView.swift */ = {isa = PBXFileReference; lastKnownFileType = sourcecode.swift; path = RemoteLayoutView.swift; sourceTree = "<group>"; };
		959643D7FC10BD21E0FDE409 /* QuipApp.swift */ = {isa = PBXFileReference; lastKnownFileType = sourcecode.swift; path = QuipApp.swift; sourceTree = "<group>"; };
		9BAE6A8EDAED117D04D2161D /* MirrorDesktopFilterTests.swift */ = {isa = PBXFileReference; lastKnownFileType = sourcecode.swift; path = MirrorDesktopFilterTests.swift; sourceTree = "<group>"; };
		9EB84DC38B2B261AB78D9B78 /* BonjourBrowser.swift */ = {isa = PBXFileReference; lastKnownFileType = sourcecode.swift; path = BonjourBrowser.swift; sourceTree = "<group>"; };
		A76C509CF77201B2EB8B5677 /* KeystrokeFocusDelayTests.swift */ = {isa = PBXFileReference; lastKnownFileType = sourcecode.swift; path = KeystrokeFocusDelayTests.swift; sourceTree = "<group>"; };
		A8B6A494C62E7118541A81C1 /* Info.plist */ = {isa = PBXFileReference; lastKnownFileType = text.plist; path = Info.plist; sourceTree = "<group>"; };
		AB1FAB05086E60FFC302C3E6 /* ContextMenuView.swift */ = {isa = PBXFileReference; lastKnownFileType = sourcecode.swift; path = ContextMenuView.swift; sourceTree = "<group>"; };
		AD67F0481CA1F97EEB2F5D7C /* InlineTerminalContentBranchTests.swift */ = {isa = PBXFileReference; lastKnownFileType = sourcecode.swift; path = InlineTerminalContentBranchTests.swift; sourceTree = "<group>"; };
		B5803A385303C46EA4D51BE3 /* RecognizerRolloverTests.swift */ = {isa = PBXFileReference; lastKnownFileType = sourcecode.swift; path = RecognizerRolloverTests.swift; sourceTree = "<group>"; };
		859196B75583406E935B86A7 /* PhoneLayoutChooserTests.swift */ = {isa = PBXFileReference; lastKnownFileType = sourcecode.swift; path = PhoneLayoutChooserTests.swift; sourceTree = "<group>"; };
		ADA867C4EE46E8D6EEA5EC8D /* PushRegistrationService.swift */ = {isa = PBXFileReference; lastKnownFileType = sourcecode.swift; path = PushRegistrationService.swift; sourceTree = "<group>"; };
		B3398B602525378B861B9218 /* Signing.xcconfig */ = {isa = PBXFileReference; lastKnownFileType = text.xcconfig; path = Signing.xcconfig; sourceTree = "<group>"; };
		B5760F08A42C6C6570E49A4B /* WebSocketClient.swift */ = {isa = PBXFileReference; lastKnownFileType = sourcecode.swift; path = WebSocketClient.swift; sourceTree = "<group>"; };
		BB799E5EBA5A72A97A8EDD06 /* RemoteSpeechSessionTests.swift */ = {isa = PBXFileReference; lastKnownFileType = sourcecode.swift; path = RemoteSpeechSessionTests.swift; sourceTree = "<group>"; };
		BE0BC3568ECDD8FC3E78B940 /* PendingImagePreviewStrip.swift */ = {isa = PBXFileReference; lastKnownFileType = sourcecode.swift; path = PendingImagePreviewStrip.swift; sourceTree = "<group>"; };
		BE693F49CD672CFD1507FDC6 /* QuipTheme.swift */ = {isa = PBXFileReference; lastKnownFileType = sourcecode.swift; path = QuipTheme.swift; sourceTree = "<group>"; };
		CDEE82AF4A4EEBCF4A0DED50 /* ArrangeLayoutMappingTests.swift */ = {isa = PBXFileReference; lastKnownFileType = sourcecode.swift; path = ArrangeLayoutMappingTests.swift; sourceTree = "<group>"; };
		D1BB453F0473949D38101D3F /* PTTWindowTrackerTests.swift */ = {isa = PBXFileReference; lastKnownFileType = sourcecode.swift; path = PTTWindowTrackerTests.swift; sourceTree = "<group>"; };
		D6D5159A24459D33F4AE547B /* LinkifiedTerminalContentTests.swift */ = {isa = PBXFileReference; lastKnownFileType = sourcecode.swift; path = LinkifiedTerminalContentTests.swift; sourceTree = "<group>"; };
		D94647DAF2E9DB9470CB5FF5 /* PreferencesSyncService.swift */ = {isa = PBXFileReference; lastKnownFileType = sourcecode.swift; path = PreferencesSyncService.swift; sourceTree = "<group>"; };
		DDFEC177041E6CF5C96C7D88 /* SilentModeDetector.swift */ = {isa = PBXFileReference; lastKnownFileType = sourcecode.swift; path = SilentModeDetector.swift; sourceTree = "<group>"; };
		E10C0B106747159F0E24ED6C /* RemoteSpeechSession.swift */ = {isa = PBXFileReference; lastKnownFileType = sourcecode.swift; path = RemoteSpeechSession.swift; sourceTree = "<group>"; };
		E98AE3676ED21B03DFD1861D /* Info.plist */ = {isa = PBXFileReference; lastKnownFileType = text.plist; path = Info.plist; sourceTree = "<group>"; };
		E9CD5E023A432434C3093C06 /* QuipMacPermsActivityAttributes.swift */ = {isa = PBXFileReference; lastKnownFileType = sourcecode.swift; path = QuipMacPermsActivityAttributes.swift; sourceTree = "<group>"; };
		ED7E3E6E78D3A418103DBD8C /* SeamStitcher.swift */ = {isa = PBXFileReference; lastKnownFileType = sourcecode.swift; path = SeamStitcher.swift; sourceTree = "<group>"; };
		F09BCC5DEEA227B256C96191 /* ConnectionStatusBar.swift */ = {isa = PBXFileReference; lastKnownFileType = sourcecode.swift; path = ConnectionStatusBar.swift; sourceTree = "<group>"; };
		F37E465512A160C3F0FE0310 /* ImageRecompressorTests.swift */ = {isa = PBXFileReference; lastKnownFileType = sourcecode.swift; path = ImageRecompressorTests.swift; sourceTree = "<group>"; };
		F7EED90216075AC25A1EDB70 /* SpeechService.swift */ = {isa = PBXFileReference; lastKnownFileType = sourcecode.swift; path = SpeechService.swift; sourceTree = "<group>"; };
		FE4E6BADD636034CE8C5EC9A /* MessageProtocol.swift */ = {isa = PBXFileReference; lastKnownFileType = sourcecode.swift; path = MessageProtocol.swift; sourceTree = "<group>"; };
		FFE14A146132EC2FDBF484D2 /* PTTStressTests.swift */ = {isa = PBXFileReference; lastKnownFileType = sourcecode.swift; path = PTTStressTests.swift; sourceTree = "<group>"; };
/* End PBXFileReference section */

/* Begin PBXGroup section */
		0077BD5353292B84465878B8 = {
			isa = PBXGroup;
			children = (
				E96781A6729F4AC1D1B88B16 /* Models */,
				00C81D8E06C7AD6C80C65C66 /* Quip */,
				758CAB7E405283D8A5CCF93C /* QuipLiveActivity */,
				A09650EC2B05403F60FD86D4 /* Resources */,
				B82A58177E51EF2234FD8D1C /* Services */,
				538976D44E5C8716FFE3D88D /* Tests */,
				625FB982606090F193D7CE93 /* Views */,
				4EF44FB6F45A8981AE807AEA /* Products */,
			);
			sourceTree = "<group>";
		};
		00C81D8E06C7AD6C80C65C66 /* Quip */ = {
			isa = PBXGroup;
			children = (
				1DDF14DED6A39E25E215C5EA /* QuipiOS */,
				A32FE707D0B3E770D1E5A70E /* Shared */,
			);
			name = Quip;
			path = ..;
			sourceTree = "<group>";
		};
		08A9474D6D5321029019D972 /* Tests */ = {
			isa = PBXGroup;
			children = (
				CDEE82AF4A4EEBCF4A0DED50 /* ArrangeLayoutMappingTests.swift */,
				25530A43AA8DC90AF7ED2C57 /* AudioRingBufferTests.swift */,
				5DED5CFC890EBB97FEDDAAFC /* ImageUploadMessageTests.swift */,
				A76C509CF77201B2EB8B5677 /* KeystrokeFocusDelayTests.swift */,
				343D7EF269316EB5B3DCC796 /* MessageProtocolTests.swift */,
				9BAE6A8EDAED117D04D2161D /* MirrorDesktopFilterTests.swift */,
				4B7A2E5808A455F967117889 /* PCMChunkerTests.swift */,
				D1BB453F0473949D38101D3F /* PTTWindowTrackerTests.swift */,
				0B827C2D030F43E7C9485615 /* SeamStitcherTests.swift */,
				764505DC63C7C214558A63CC /* WindowManagerSessionIdTests.swift */,
			);
			path = Tests;
			sourceTree = "<group>";
		};
		1DDF14DED6A39E25E215C5EA /* QuipiOS */ = {
			isa = PBXGroup;
			children = (
				07BAAAC4E0E8051B6FF2664E /* Assets.xcassets */,
				A8B6A494C62E7118541A81C1 /* Info.plist */,
				959643D7FC10BD21E0FDE409 /* QuipApp.swift */,
				18AE69F5AEDB7F658B8657E8 /* QuipiOS.entitlements */,
				B3398B602525378B861B9218 /* Signing.xcconfig */,
				E96781A6729F4AC1D1B88B16 /* Models */,
				A09650EC2B05403F60FD86D4 /* Resources */,
				B82A58177E51EF2234FD8D1C /* Services */,
				625FB982606090F193D7CE93 /* Views */,
			);
			path = QuipiOS;
			sourceTree = "<group>";
		};
		4EF44FB6F45A8981AE807AEA /* Products */ = {
			isa = PBXGroup;
			children = (
				01EA3B9F2E651E55A79DFB40 /* QuipiOS.app */,
				2931F612B095AEDB42A97FE4 /* QuipiOSTests.xctest */,
				18E21C7F1FD2E724E4790F5D /* QuipLiveActivity.appex */,
			);
			name = Products;
			sourceTree = "<group>";
		};
		538976D44E5C8716FFE3D88D /* Tests */ = {
			isa = PBXGroup;
			children = (
				F37E465512A160C3F0FE0310 /* ImageRecompressorTests.swift */,
				AD67F0481CA1F97EEB2F5D7C /* InlineTerminalContentBranchTests.swift */,
				D6D5159A24459D33F4AE547B /* LinkifiedTerminalContentTests.swift */,
				FFE14A146132EC2FDBF484D2 /* PTTStressTests.swift */,
				B5803A385303C46EA4D51BE3 /* RecognizerRolloverTests.swift */,
				859196B75583406E935B86A7 /* PhoneLayoutChooserTests.swift */,
				BB799E5EBA5A72A97A8EDD06 /* RemoteSpeechSessionTests.swift */,
				47C70308C62E57B9CBBEFF9E /* SpeechServicePathSelectionTests.swift */,
				4A833238659B2E7E8D205F45 /* WhisperAudioSenderTests.swift */,
			);
			path = Tests;
			sourceTree = "<group>";
		};
		625FB982606090F193D7CE93 /* Views */ = {
			isa = PBXGroup;
			children = (
				310DDC8B5BA9B05DA4632BF5 /* Color+Hex.swift */,
				F09BCC5DEEA227B256C96191 /* ConnectionStatusBar.swift */,
				AB1FAB05086E60FFC302C3E6 /* ContextMenuView.swift */,
				3150B50687617E509C16EC1D /* ImagePickerPresenter.swift */,
				BE0BC3568ECDD8FC3E78B940 /* PendingImagePreviewStrip.swift */,
				BE693F49CD672CFD1507FDC6 /* QuipTheme.swift */,
				8AA3AAD9A42CCC12C55FB55F /* RemoteLayoutView.swift */,
				591693AB60296E1978E9F2D1 /* TerminalContentOverlay.swift */,
				89064CA2FFA4B5A35BC437E8 /* TTSNotificationOverlay.swift */,
				28C25E9D2C8F4C324CDAF8B9 /* WindowRectangle.swift */,
			);
			path = Views;
			sourceTree = "<group>";
		};
		758CAB7E405283D8A5CCF93C /* QuipLiveActivity */ = {
			isa = PBXGroup;
			children = (
				E98AE3676ED21B03DFD1861D /* Info.plist */,
				04067ECD7983ACC50844C82D /* QuipLiveActivityBundle.swift */,
				109D3594919D4EF54DE97C72 /* QuipLiveActivityWidget.swift */,
				46181BEC707D4C04671D336E /* QuipMacPermsActivityWidget.swift */,
				FE7D4ADA99A2E83B8E27F724 /* Shared */,
			);
			path = QuipLiveActivity;
			sourceTree = "<group>";
		};
		A09650EC2B05403F60FD86D4 /* Resources */ = {
			isa = PBXGroup;
			children = (
				38403BB3D3EAD614680767A6 /* dictation-vocab.txt */,
			);
			path = Resources;
			sourceTree = "<group>";
		};
		A32FE707D0B3E770D1E5A70E /* Shared */ = {
			isa = PBXGroup;
			children = (
				30CED6C2881B9B0070767205 /* AudioRingBuffer.swift */,
				FE4E6BADD636034CE8C5EC9A /* MessageProtocol.swift */,
				3FC01677A64725213479F75E /* PCMChunker.swift */,
				6FE3FC3415A512C214E8D8D9 /* PTTWindowTracker.swift */,
				ED7E3E6E78D3A418103DBD8C /* SeamStitcher.swift */,
				08A9474D6D5321029019D972 /* Tests */,
			);
			path = Shared;
			sourceTree = "<group>";
		};
		B82A58177E51EF2234FD8D1C /* Services */ = {
			isa = PBXGroup;
			children = (
				9EB84DC38B2B261AB78D9B78 /* BonjourBrowser.swift */,
				63A7D08ECBB0B1EFA3F77328 /* HardwareButtonHandler.swift */,
				1D6ED80C8277F668CC0B273C /* ImageRecompressor.swift */,
				382370F0C983ABEC82E06430 /* KeychainDeviceID.swift */,
				731E1A072569A16DBA76D9EB /* LiveActivityService.swift */,
				773DBA5F5449A8B4C8E7D1AE /* PendingImageState.swift */,
				D94647DAF2E9DB9470CB5FF5 /* PreferencesSyncService.swift */,
				3153F1300EF9EB3372F1EE7A /* PushNotificationCenter.swift */,
				ADA867C4EE46E8D6EEA5EC8D /* PushRegistrationService.swift */,
				E10C0B106747159F0E24ED6C /* RemoteSpeechSession.swift */,
				DDFEC177041E6CF5C96C7D88 /* SilentModeDetector.swift */,
				F7EED90216075AC25A1EDB70 /* SpeechService.swift */,
				B5760F08A42C6C6570E49A4B /* WebSocketClient.swift */,
				4E556291C05B9A0CF7C50AA5 /* WhisperAudioSender.swift */,
			);
			path = Services;
			sourceTree = "<group>";
		};
		E96781A6729F4AC1D1B88B16 /* Models */ = {
			isa = PBXGroup;
			children = (
				414AD810B644C175CFB73EE5 /* WindowInfo.swift */,
			);
			path = Models;
			sourceTree = "<group>";
		};
		FE7D4ADA99A2E83B8E27F724 /* Shared */ = {
			isa = PBXGroup;
			children = (
				5DE5492ADBC22C9381D58D40 /* QuipLiveActivityAttributes.swift */,
				E9CD5E023A432434C3093C06 /* QuipMacPermsActivityAttributes.swift */,
			);
			path = Shared;
			sourceTree = "<group>";
		};
/* End PBXGroup section */

/* Begin PBXNativeTarget section */
		0106693FA1DD6F4A224F80DD /* QuipiOS */ = {
			isa = PBXNativeTarget;
			buildConfigurationList = E7E3E8784BA06D9A9467E468 /* Build configuration list for PBXNativeTarget "QuipiOS" */;
			buildPhases = (
				D9E99051B59BC6D7B0670DE2 /* Sources */,
				F5D327F6CB23C79C005A110C /* Resources */,
			);
			buildRules = (
			);
			dependencies = (
			);
			name = QuipiOS;
			packageProductDependencies = (
			);
			productName = QuipiOS;
			productReference = 01EA3B9F2E651E55A79DFB40 /* QuipiOS.app */;
			productType = "com.apple.product-type.application";
		};
		9DEF60E2FC7CAF561E947475 /* QuipLiveActivity */ = {
			isa = PBXNativeTarget;
			buildConfigurationList = 48382869F44041E5967CDA0C /* Build configuration list for PBXNativeTarget "QuipLiveActivity" */;
			buildPhases = (
				461D9E1D5E1515A2F7E112E2 /* Sources */,
			);
			buildRules = (
			);
			dependencies = (
			);
			name = QuipLiveActivity;
			packageProductDependencies = (
			);
			productName = QuipLiveActivity;
			productReference = 18E21C7F1FD2E724E4790F5D /* QuipLiveActivity.appex */;
			productType = "com.apple.product-type.app-extension";
		};
		FE4AE6E8B87960D72E2FEAD5 /* QuipiOSTests */ = {
			isa = PBXNativeTarget;
			buildConfigurationList = A127B1CD0336B7931EC862C4 /* Build configuration list for PBXNativeTarget "QuipiOSTests" */;
			buildPhases = (
				4E0C3F20535DB21A736D01B8 /* Sources */,
			);
			buildRules = (
			);
			dependencies = (
				F6908ACEDED58F2BCA7F02C8 /* PBXTargetDependency */,
			);
			name = QuipiOSTests;
			packageProductDependencies = (
			);
			productName = QuipiOSTests;
			productReference = 2931F612B095AEDB42A97FE4 /* QuipiOSTests.xctest */;
			productType = "com.apple.product-type.bundle.unit-test";
		};
/* End PBXNativeTarget section */

/* Begin PBXProject section */
		1FFEE7473E4CC1ABAFA5B870 /* Project object */ = {
			isa = PBXProject;
			attributes = {
				BuildIndependentTargetsInParallel = YES;
				LastUpgradeCheck = 1600;
				TargetAttributes = {
					0106693FA1DD6F4A224F80DD = {
						ProvisioningStyle = Automatic;
					};
					9DEF60E2FC7CAF561E947475 = {
						DevelopmentTeam = D2PM6R797Q;
						ProvisioningStyle = Automatic;
					};
				};
			};
			buildConfigurationList = 40FAB0508A11DCDD70A96CD9 /* Build configuration list for PBXProject "QuipiOS" */;
			compatibilityVersion = "Xcode 14.0";
			developmentRegion = en;
			hasScannedForEncodings = 0;
			knownRegions = (
				Base,
				en,
			);
			mainGroup = 0077BD5353292B84465878B8;
			minimizedProjectReferenceProxies = 1;
			preferredProjectObjectVersion = 77;
			projectDirPath = "";
			projectRoot = "";
			targets = (
				9DEF60E2FC7CAF561E947475 /* QuipLiveActivity */,
				0106693FA1DD6F4A224F80DD /* QuipiOS */,
				FE4AE6E8B87960D72E2FEAD5 /* QuipiOSTests */,
			);
		};
/* End PBXProject section */

/* Begin PBXResourcesBuildPhase section */
		F5D327F6CB23C79C005A110C /* Resources */ = {
			isa = PBXResourcesBuildPhase;
			buildActionMask = 2147483647;
			files = (
				A977CCC72BA863A04F17FB77 /* Assets.xcassets in Resources */,
				46B88647F52CB2FD8C378212 /* dictation-vocab.txt in Resources */,
			);
			runOnlyForDeploymentPostprocessing = 0;
		};
/* End PBXResourcesBuildPhase section */

/* Begin PBXSourcesBuildPhase section */
		461D9E1D5E1515A2F7E112E2 /* Sources */ = {
			isa = PBXSourcesBuildPhase;
			buildActionMask = 2147483647;
			files = (
				911B08CC263A882D5F10E54B /* QuipLiveActivityAttributes.swift in Sources */,
				90AC9E73F35BAD1CC1917C75 /* QuipLiveActivityBundle.swift in Sources */,
				AC12BD221896070181F785DC /* QuipLiveActivityWidget.swift in Sources */,
				A77BA34594060260386B5501 /* QuipMacPermsActivityAttributes.swift in Sources */,
				0DB71EDB9501F21F1248DF62 /* QuipMacPermsActivityWidget.swift in Sources */,
			);
			runOnlyForDeploymentPostprocessing = 0;
		};
		4E0C3F20535DB21A736D01B8 /* Sources */ = {
			isa = PBXSourcesBuildPhase;
			buildActionMask = 2147483647;
			files = (
				BC0AAA34114426CFF2BEEB74 /* ArrangeLayoutMappingTests.swift in Sources */,
				F955600133754F7655E89EB6 /* AudioRingBufferTests.swift in Sources */,
				2E6A08D65DF1E6DCC0BB7E79 /* ImageRecompressorTests.swift in Sources */,
				2F94D38C500B41994A45596A /* ImageUploadMessageTests.swift in Sources */,
				413005C731BCDCED5438E47F /* InlineTerminalContentBranchTests.swift in Sources */,
				261C1C66A5F75E185F591DD1 /* KeystrokeFocusDelayTests.swift in Sources */,
				D90497A715C2D1FEBC04B532 /* LinkifiedTerminalContentTests.swift in Sources */,
				6D05492F589AA379C4DB67BA /* MessageProtocolTests.swift in Sources */,
				CA62A184114B15E2FB535A95 /* MirrorDesktopFilterTests.swift in Sources */,
				27B8C39B88FB6144FECCDC55 /* PCMChunkerTests.swift in Sources */,
				D574C92B13CDC64E5C200CAB /* PTTStressTests.swift in Sources */,
				689A5ACEE675BEBE7608C903 /* PTTWindowTrackerTests.swift in Sources */,
				BAE1BE644A1C4697BEE9DB46 /* RecognizerRolloverTests.swift in Sources */,
				3EA86BE677664FD4A49B813D /* PhoneLayoutChooserTests.swift in Sources */,
				034FCCCD9B6278E606AB7BBE /* RemoteSpeechSessionTests.swift in Sources */,
				A795C27D5F398A26647E2B49 /* SeamStitcherTests.swift in Sources */,
				1FED4AB0761613E80C3FAC9D /* SpeechServicePathSelectionTests.swift in Sources */,
				6F89F8CCE385F0E125415C6B /* WhisperAudioSenderTests.swift in Sources */,
				3C69E42DAC8E6515F9BC3F03 /* WindowManagerSessionIdTests.swift in Sources */,
			);
			runOnlyForDeploymentPostprocessing = 0;
		};
		D9E99051B59BC6D7B0670DE2 /* Sources */ = {
			isa = PBXSourcesBuildPhase;
			buildActionMask = 2147483647;
			files = (
				0AA0F2FFEDD25846D8E8E6A0 /* AudioRingBuffer.swift in Sources */,
				4D0689B3D9653512F27A322D /* BonjourBrowser.swift in Sources */,
				C10D61840E80EDAD704827A9 /* Color+Hex.swift in Sources */,
				B74D4BBBD664959095BE58DE /* ConnectionStatusBar.swift in Sources */,
				FD026502AE44AEC997D48C0B /* ContextMenuView.swift in Sources */,
				2E3F0351CC5E90C934E0F0B2 /* HardwareButtonHandler.swift in Sources */,
				E634311FF9DEAEA0E074302E /* ImagePickerPresenter.swift in Sources */,
				390A246B5D13F798E9B55E7B /* ImageRecompressor.swift in Sources */,
				E15A8F5B7E6A925B33ECA315 /* KeychainDeviceID.swift in Sources */,
				216CB65B0E4953EF7B3C45BA /* LiveActivityService.swift in Sources */,
				2FDDC840F5A589B81D2517D0 /* MessageProtocol.swift in Sources */,
				81636C8A292C763A850701B8 /* PCMChunker.swift in Sources */,
				6EB4C507372507C62A6F49ED /* PTTWindowTracker.swift in Sources */,
				046BFBEA924261A691A9EA3B /* PendingImagePreviewStrip.swift in Sources */,
				F7B32FEF1E1A176C2710D831 /* PendingImageState.swift in Sources */,
				20FE94C556B5D03097FB0030 /* PreferencesSyncService.swift in Sources */,
				C048886FBB8F8115ED5B1964 /* PushNotificationCenter.swift in Sources */,
				67348F3277C90D577C7D95D3 /* PushRegistrationService.swift in Sources */,
				6441F32153F6E86CF6529571 /* QuipApp.swift in Sources */,
				2C52F265432CF7E5BFF28F68 /* QuipLiveActivityAttributes.swift in Sources */,
				035352DA912748C3F99D4D6C /* QuipMacPermsActivityAttributes.swift in Sources */,
				48F28455B8142325D6833C25 /* QuipTheme.swift in Sources */,
				B86CDE99611F63E70CB7C7A3 /* RemoteLayoutView.swift in Sources */,
				5B36FBA58C811B5085CC8DF6 /* RemoteSpeechSession.swift in Sources */,
				011C1FA73D1865A5DFBCA40E /* SeamStitcher.swift in Sources */,
				2FE851D3B7E5A263C2E1A06F /* SilentModeDetector.swift in Sources */,
				996767763A69068B0D1D8687 /* SpeechService.swift in Sources */,
				61BEA675BFFB5F8019D960F0 /* TTSNotificationOverlay.swift in Sources */,
				545F466547A7823805966083 /* TerminalContentOverlay.swift in Sources */,
				4DD215CB4746FD0FA6D82DD4 /* WebSocketClient.swift in Sources */,
				D0B1694FE8FBF6965FCE4748 /* WhisperAudioSender.swift in Sources */,
				7855744B8C4218CBACE69836 /* WindowInfo.swift in Sources */,
				7880A1510DE089958DF89CAA /* WindowRectangle.swift in Sources */,
			);
			runOnlyForDeploymentPostprocessing = 0;
		};
/* End PBXSourcesBuildPhase section */

/* Begin PBXTargetDependency section */
		F6908ACEDED58F2BCA7F02C8 /* PBXTargetDependency */ = {
			isa = PBXTargetDependency;
			target = 0106693FA1DD6F4A224F80DD /* QuipiOS */;
			targetProxy = A700083DAD11081C5B039D1F /* PBXContainerItemProxy */;
		};
/* End PBXTargetDependency section */

/* Begin XCBuildConfiguration section */
		04A755C374A414438F54BE22 /* Debug */ = {
			isa = XCBuildConfiguration;
			baseConfigurationReference = B3398B602525378B861B9218 /* Signing.xcconfig */;
			buildSettings = {
				ASSETCATALOG_COMPILER_APPICON_NAME = AppIcon;
				CODE_SIGN_ENTITLEMENTS = QuipiOS.entitlements;
				CODE_SIGN_IDENTITY = "Apple Development";
				CODE_SIGN_STYLE = Automatic;
				INFOPLIST_FILE = Info.plist;
				LD_RUNPATH_SEARCH_PATHS = (
					"$(inherited)",
					"@executable_path/Frameworks",
				);
				PRODUCT_BUNDLE_IDENTIFIER = com.quip.QuipiOS;
				PRODUCT_NAME = Quip;
				SDKROOT = iphoneos;
				TARGETED_DEVICE_FAMILY = 1;
			};
			name = Debug;
		};
		1499D77CF2F7BA2D6E685B53 /* Release */ = {
			isa = XCBuildConfiguration;
			baseConfigurationReference = B3398B602525378B861B9218 /* Signing.xcconfig */;
			buildSettings = {
				ASSETCATALOG_COMPILER_APPICON_NAME = AppIcon;
				CODE_SIGN_ENTITLEMENTS = QuipiOS.entitlements;
				CODE_SIGN_IDENTITY = "Apple Development";
				CODE_SIGN_STYLE = Automatic;
				INFOPLIST_FILE = Info.plist;
				LD_RUNPATH_SEARCH_PATHS = (
					"$(inherited)",
					"@executable_path/Frameworks",
				);
				PRODUCT_BUNDLE_IDENTIFIER = com.quip.QuipiOS;
				PRODUCT_NAME = Quip;
				SDKROOT = iphoneos;
				TARGETED_DEVICE_FAMILY = 1;
			};
			name = Release;
		};
		209EB6C5D04422E1716AED36 /* Release */ = {
			isa = XCBuildConfiguration;
			buildSettings = {
				ALWAYS_SEARCH_USER_PATHS = NO;
				CLANG_ANALYZER_NONNULL = YES;
				CLANG_ANALYZER_NUMBER_OBJECT_CONVERSION = YES_AGGRESSIVE;
				CLANG_CXX_LANGUAGE_STANDARD = "gnu++14";
				CLANG_CXX_LIBRARY = "libc++";
				CLANG_ENABLE_MODULES = YES;
				CLANG_ENABLE_OBJC_ARC = YES;
				CLANG_ENABLE_OBJC_WEAK = YES;
				CLANG_WARN_BLOCK_CAPTURE_AUTORELEASING = YES;
				CLANG_WARN_BOOL_CONVERSION = YES;
				CLANG_WARN_COMMA = YES;
				CLANG_WARN_CONSTANT_CONVERSION = YES;
				CLANG_WARN_DEPRECATED_OBJC_IMPLEMENTATIONS = YES;
				CLANG_WARN_DIRECT_OBJC_ISA_USAGE = YES_ERROR;
				CLANG_WARN_DOCUMENTATION_COMMENTS = YES;
				CLANG_WARN_EMPTY_BODY = YES;
				CLANG_WARN_ENUM_CONVERSION = YES;
				CLANG_WARN_INFINITE_RECURSION = YES;
				CLANG_WARN_INT_CONVERSION = YES;
				CLANG_WARN_NON_LITERAL_NULL_CONVERSION = YES;
				CLANG_WARN_OBJC_IMPLICIT_RETAIN_SELF = YES;
				CLANG_WARN_OBJC_LITERAL_CONVERSION = YES;
				CLANG_WARN_OBJC_ROOT_CLASS = YES_ERROR;
				CLANG_WARN_QUOTED_INCLUDE_IN_FRAMEWORK_HEADER = YES;
				CLANG_WARN_RANGE_LOOP_ANALYSIS = YES;
				CLANG_WARN_STRICT_PROTOTYPES = YES;
				CLANG_WARN_SUSPICIOUS_MOVE = YES;
				CLANG_WARN_UNGUARDED_AVAILABILITY = YES_AGGRESSIVE;
				CLANG_WARN_UNREACHABLE_CODE = YES;
				CLANG_WARN__DUPLICATE_METHOD_MATCH = YES;
				COPY_PHASE_STRIP = NO;
				DEBUG_INFORMATION_FORMAT = "dwarf-with-dsym";
				ENABLE_NS_ASSERTIONS = NO;
				ENABLE_STRICT_OBJC_MSGSEND = YES;
				GCC_C_LANGUAGE_STANDARD = gnu11;
				GCC_NO_COMMON_BLOCKS = YES;
				GCC_WARN_64_TO_32_BIT_CONVERSION = YES;
				GCC_WARN_ABOUT_RETURN_TYPE = YES_ERROR;
				GCC_WARN_UNDECLARED_SELECTOR = YES;
				GCC_WARN_UNINITIALIZED_AUTOS = YES_AGGRESSIVE;
				GCC_WARN_UNUSED_FUNCTION = YES;
				GCC_WARN_UNUSED_VARIABLE = YES;
				IPHONEOS_DEPLOYMENT_TARGET = 17.0;
				MTL_ENABLE_DEBUG_INFO = NO;
				MTL_FAST_MATH = YES;
				PRODUCT_NAME = "$(TARGET_NAME)";
				SDKROOT = iphoneos;
				SWIFT_COMPILATION_MODE = wholemodule;
				SWIFT_OPTIMIZATION_LEVEL = "-O";
				SWIFT_STRICT_CONCURRENCY = minimal;
				SWIFT_VERSION = 6.0;
			};
			name = Release;
		};
		57579322E15C7A1CFBE7378C /* Debug */ = {
			isa = XCBuildConfiguration;
			buildSettings = {
				ALWAYS_SEARCH_USER_PATHS = NO;
				CLANG_ANALYZER_NONNULL = YES;
				CLANG_ANALYZER_NUMBER_OBJECT_CONVERSION = YES_AGGRESSIVE;
				CLANG_CXX_LANGUAGE_STANDARD = "gnu++14";
				CLANG_CXX_LIBRARY = "libc++";
				CLANG_ENABLE_MODULES = YES;
				CLANG_ENABLE_OBJC_ARC = YES;
				CLANG_ENABLE_OBJC_WEAK = YES;
				CLANG_WARN_BLOCK_CAPTURE_AUTORELEASING = YES;
				CLANG_WARN_BOOL_CONVERSION = YES;
				CLANG_WARN_COMMA = YES;
				CLANG_WARN_CONSTANT_CONVERSION = YES;
				CLANG_WARN_DEPRECATED_OBJC_IMPLEMENTATIONS = YES;
				CLANG_WARN_DIRECT_OBJC_ISA_USAGE = YES_ERROR;
				CLANG_WARN_DOCUMENTATION_COMMENTS = YES;
				CLANG_WARN_EMPTY_BODY = YES;
				CLANG_WARN_ENUM_CONVERSION = YES;
				CLANG_WARN_INFINITE_RECURSION = YES;
				CLANG_WARN_INT_CONVERSION = YES;
				CLANG_WARN_NON_LITERAL_NULL_CONVERSION = YES;
				CLANG_WARN_OBJC_IMPLICIT_RETAIN_SELF = YES;
				CLANG_WARN_OBJC_LITERAL_CONVERSION = YES;
				CLANG_WARN_OBJC_ROOT_CLASS = YES_ERROR;
				CLANG_WARN_QUOTED_INCLUDE_IN_FRAMEWORK_HEADER = YES;
				CLANG_WARN_RANGE_LOOP_ANALYSIS = YES;
				CLANG_WARN_STRICT_PROTOTYPES = YES;
				CLANG_WARN_SUSPICIOUS_MOVE = YES;
				CLANG_WARN_UNGUARDED_AVAILABILITY = YES_AGGRESSIVE;
				CLANG_WARN_UNREACHABLE_CODE = YES;
				CLANG_WARN__DUPLICATE_METHOD_MATCH = YES;
				COPY_PHASE_STRIP = NO;
				DEBUG_INFORMATION_FORMAT = dwarf;
				ENABLE_STRICT_OBJC_MSGSEND = YES;
				ENABLE_TESTABILITY = YES;
				GCC_C_LANGUAGE_STANDARD = gnu11;
				GCC_DYNAMIC_NO_PIC = NO;
				GCC_NO_COMMON_BLOCKS = YES;
				GCC_OPTIMIZATION_LEVEL = 0;
				GCC_PREPROCESSOR_DEFINITIONS = (
					"$(inherited)",
					"DEBUG=1",
				);
				GCC_WARN_64_TO_32_BIT_CONVERSION = YES;
				GCC_WARN_ABOUT_RETURN_TYPE = YES_ERROR;
				GCC_WARN_UNDECLARED_SELECTOR = YES;
				GCC_WARN_UNINITIALIZED_AUTOS = YES_AGGRESSIVE;
				GCC_WARN_UNUSED_FUNCTION = YES;
				GCC_WARN_UNUSED_VARIABLE = YES;
				IPHONEOS_DEPLOYMENT_TARGET = 17.0;
				MTL_ENABLE_DEBUG_INFO = INCLUDE_SOURCE;
				MTL_FAST_MATH = YES;
				ONLY_ACTIVE_ARCH = YES;
				PRODUCT_NAME = "$(TARGET_NAME)";
				SDKROOT = iphoneos;
				SWIFT_ACTIVE_COMPILATION_CONDITIONS = DEBUG;
				SWIFT_OPTIMIZATION_LEVEL = "-Onone";
				SWIFT_STRICT_CONCURRENCY = minimal;
				SWIFT_VERSION = 6.0;
			};
			name = Debug;
		};
		6F42027E46AC3B885CA9AB1D /* Release */ = {
			isa = XCBuildConfiguration;
			buildSettings = {
				BUNDLE_LOADER = "$(TEST_HOST)";
				GENERATE_INFOPLIST_FILE = YES;
				LD_RUNPATH_SEARCH_PATHS = (
					"$(inherited)",
					"@executable_path/Frameworks",
					"@loader_path/Frameworks",
				);
				PRODUCT_BUNDLE_IDENTIFIER = com.quip.QuipiOSTests;
				SDKROOT = iphoneos;
				TARGETED_DEVICE_FAMILY = "1,2";
				TEST_HOST = "$(BUILT_PRODUCTS_DIR)/Quip.app/$(BUNDLE_EXECUTABLE_FOLDER_PATH)/Quip";
			};
			name = Release;
		};
		8BB7453BB6D544C83C995ED6 /* Debug */ = {
			isa = XCBuildConfiguration;
			buildSettings = {
				BUNDLE_LOADER = "$(TEST_HOST)";
				GENERATE_INFOPLIST_FILE = YES;
				LD_RUNPATH_SEARCH_PATHS = (
					"$(inherited)",
					"@executable_path/Frameworks",
					"@loader_path/Frameworks",
				);
				PRODUCT_BUNDLE_IDENTIFIER = com.quip.QuipiOSTests;
				SDKROOT = iphoneos;
				TARGETED_DEVICE_FAMILY = "1,2";
				TEST_HOST = "$(BUILT_PRODUCTS_DIR)/Quip.app/$(BUNDLE_EXECUTABLE_FOLDER_PATH)/Quip";
			};
			name = Debug;
		};
		E88DFAED7F77715E3F826B09 /* Debug */ = {
			isa = XCBuildConfiguration;
			buildSettings = {
				CODE_SIGN_IDENTITY = "Apple Development";
				CODE_SIGN_STYLE = Automatic;
				DEVELOPMENT_TEAM = D2PM6R797Q;
				GENERATE_INFOPLIST_FILE = NO;
				INFOPLIST_FILE = QuipLiveActivity/Info.plist;
				LD_RUNPATH_SEARCH_PATHS = (
					"$(inherited)",
					"@executable_path/Frameworks",
					"@executable_path/../../Frameworks",
				);
				PRODUCT_BUNDLE_IDENTIFIER = com.quip.QuipiOS.liveactivity;
				PRODUCT_NAME = QuipLiveActivity;
				SDKROOT = iphoneos;
				SKIP_INSTALL = NO;
				TARGETED_DEVICE_FAMILY = 1;
			};
			name = Debug;
		};
		F90B7B69610EDEAE2263CEF9 /* Release */ = {
			isa = XCBuildConfiguration;
			buildSettings = {
				CODE_SIGN_IDENTITY = "Apple Development";
				CODE_SIGN_STYLE = Automatic;
				DEVELOPMENT_TEAM = D2PM6R797Q;
				GENERATE_INFOPLIST_FILE = NO;
				INFOPLIST_FILE = QuipLiveActivity/Info.plist;
				LD_RUNPATH_SEARCH_PATHS = (
					"$(inherited)",
					"@executable_path/Frameworks",
					"@executable_path/../../Frameworks",
				);
				PRODUCT_BUNDLE_IDENTIFIER = com.quip.QuipiOS.liveactivity;
				PRODUCT_NAME = QuipLiveActivity;
				SDKROOT = iphoneos;
				SKIP_INSTALL = NO;
				TARGETED_DEVICE_FAMILY = 1;
			};
			name = Release;
		};
/* End XCBuildConfiguration section */

/* Begin XCConfigurationList section */
		40FAB0508A11DCDD70A96CD9 /* Build configuration list for PBXProject "QuipiOS" */ = {
			isa = XCConfigurationList;
			buildConfigurations = (
				57579322E15C7A1CFBE7378C /* Debug */,
				209EB6C5D04422E1716AED36 /* Release */,
			);
			defaultConfigurationIsVisible = 0;
			defaultConfigurationName = Debug;
		};
		48382869F44041E5967CDA0C /* Build configuration list for PBXNativeTarget "QuipLiveActivity" */ = {
			isa = XCConfigurationList;
			buildConfigurations = (
				E88DFAED7F77715E3F826B09 /* Debug */,
				F90B7B69610EDEAE2263CEF9 /* Release */,
			);
			defaultConfigurationIsVisible = 0;
			defaultConfigurationName = Debug;
		};
		A127B1CD0336B7931EC862C4 /* Build configuration list for PBXNativeTarget "QuipiOSTests" */ = {
			isa = XCConfigurationList;
			buildConfigurations = (
				8BB7453BB6D544C83C995ED6 /* Debug */,
				6F42027E46AC3B885CA9AB1D /* Release */,
			);
			defaultConfigurationIsVisible = 0;
			defaultConfigurationName = Debug;
		};
		E7E3E8784BA06D9A9467E468 /* Build configuration list for PBXNativeTarget "QuipiOS" */ = {
			isa = XCConfigurationList;
			buildConfigurations = (
				04A755C374A414438F54BE22 /* Debug */,
				1499D77CF2F7BA2D6E685B53 /* Release */,
			);
			defaultConfigurationIsVisible = 0;
			defaultConfigurationName = Debug;
		};
/* End XCConfigurationList section */
	};
	rootObject = 1FFEE7473E4CC1ABAFA5B870 /* Project object */;
}
