// !$*UTF8*$!
{
	archiveVersion = 1;
	classes = {
	};
	objectVersion = 77;
	objects = {

/* Begin PBXBuildFile section */
		27A74A861ADFE1E98398F75B /* HardwareButtonHandler.swift in Sources */ = {isa = PBXBuildFile; fileRef = BEE3536452049152370298FC /* HardwareButtonHandler.swift */; };
		2FDDC840F5A589B81D2517D0 /* MessageProtocol.swift in Sources */ = {isa = PBXBuildFile; fileRef = FE4E6BADD636034CE8C5EC9A /* MessageProtocol.swift */; };
		3375938E1D5448AFF51C8CCC /* WindowRectangle.swift in Sources */ = {isa = PBXBuildFile; fileRef = 1915E043776D1E063159AA6F /* WindowRectangle.swift */; };
		48A7F1C63240B8460DD3ECE8 /* RemoteLayoutView.swift in Sources */ = {isa = PBXBuildFile; fileRef = 8CF517BB2FBF2BF1205E4925 /* RemoteLayoutView.swift */; };
		4FE31B60A886712C37A7E7C4 /* ConnectionStatusBar.swift in Sources */ = {isa = PBXBuildFile; fileRef = D0138BDEB9F24496B18E6EAE /* ConnectionStatusBar.swift */; };
		5280CB5DBDF05BF2905026BA /* BonjourBrowser.swift in Sources */ = {isa = PBXBuildFile; fileRef = 945E5EFD19ABDFD55DD6B209 /* BonjourBrowser.swift */; };
		716C98AD23EECA0DDCAB89A4 /* SpeechService.swift in Sources */ = {isa = PBXBuildFile; fileRef = 57175DB3942BF9D94577E602 /* SpeechService.swift */; };
		7855744B8C4218CBACE69836 /* WindowInfo.swift in Sources */ = {isa = PBXBuildFile; fileRef = 414AD810B644C175CFB73EE5 /* WindowInfo.swift */; };
		7FF8B004060633E319D8D791 /* Color+Hex.swift in Sources */ = {isa = PBXBuildFile; fileRef = 3D9319DA20B5E31E84424916 /* Color+Hex.swift */; };
		85F00ED5BE755A7047346B5A /* MessageProtocolTests.swift in Sources */ = {isa = PBXBuildFile; fileRef = 68EE7A37927B53963DCF4506 /* MessageProtocolTests.swift */; };
		885A3023BFB22F734B29C443 /* Assets.xcassets in Resources */ = {isa = PBXBuildFile; fileRef = "TEMP_FE7E7BDF-3E62-4BD6-9EE7-7820F4381CF7" /* Assets.xcassets */; };
		9420823AF0EA7D82FCFE0914 /* MessageProtocol.swift in Sources */ = {isa = PBXBuildFile; fileRef = FE4E6BADD636034CE8C5EC9A /* MessageProtocol.swift */; };
		A760CC0FAF316124E853473D /* WebSocketClient.swift in Sources */ = {isa = PBXBuildFile; fileRef = 6C96267C7E324E99F9E25608 /* WebSocketClient.swift */; };
		ACAA424EA34E61BC5E7A40B0 /* QuipApp.swift in Sources */ = {isa = PBXBuildFile; fileRef = "TEMP_0372666F-EC27-4BB8-AB98-0D8DA06AF834" /* QuipApp.swift */; };
		AEA260F455D1F45EBC3CE818 /* ContextMenuView.swift in Sources */ = {isa = PBXBuildFile; fileRef = 85649AFF24A63D27AE36A435 /* ContextMenuView.swift */; };
		B70BD079D64FDDEC87ACAEA5 /* TTSNotificationOverlay.swift in Sources */ = {isa = PBXBuildFile; fileRef = 044BCE18CD18E2E3D6DDD224 /* TTSNotificationOverlay.swift */; };
		B9528CA355BD0960AAC67C6F /* QuipTheme.swift in Sources */ = {isa = PBXBuildFile; fileRef = DB1964CA940539AAAFAC01FC /* QuipTheme.swift */; };
		D574C92B13CDC64E5C200CAB /* PTTStressTests.swift in Sources */ = {isa = PBXBuildFile; fileRef = FFE14A146132EC2FDBF484D2 /* PTTStressTests.swift */; };
		F6F15D37F8337C2D5D92511B /* TerminalContentOverlay.swift in Sources */ = {isa = PBXBuildFile; fileRef = B12B5FE3F0AA80CAD06D3A0F /* TerminalContentOverlay.swift */; };
/* End PBXBuildFile section */

/* Begin PBXContainerItemProxy section */
		A700083DAD11081C5B039D1F /* PBXContainerItemProxy */ = {
			isa = PBXContainerItemProxy;
			containerPortal = 1FFEE7473E4CC1ABAFA5B870 /* Project object */;
			proxyType = 1;
			remoteGlobalIDString = 0106693FA1DD6F4A224F80DD;
			remoteInfo = QuipiOS;
		};
/* End PBXContainerItemProxy section */

/* Begin PBXFileReference section */
		01EA3B9F2E651E55A79DFB40 /* QuipiOS.app */ = {isa = PBXFileReference; includeInIndex = 0; lastKnownFileType = wrapper.application; path = QuipiOS.app; sourceTree = BUILT_PRODUCTS_DIR; };
		044BCE18CD18E2E3D6DDD224 /* TTSNotificationOverlay.swift */ = {isa = PBXFileReference; lastKnownFileType = sourcecode.swift; path = TTSNotificationOverlay.swift; sourceTree = "<group>"; };
		1915E043776D1E063159AA6F /* WindowRectangle.swift */ = {isa = PBXFileReference; lastKnownFileType = sourcecode.swift; path = WindowRectangle.swift; sourceTree = "<group>"; };
		2931F612B095AEDB42A97FE4 /* QuipiOSTests.xctest */ = {isa = PBXFileReference; includeInIndex = 0; lastKnownFileType = wrapper.cfbundle; path = QuipiOSTests.xctest; sourceTree = BUILT_PRODUCTS_DIR; };
		3D9319DA20B5E31E84424916 /* Color+Hex.swift */ = {isa = PBXFileReference; lastKnownFileType = sourcecode.swift; path = "Color+Hex.swift"; sourceTree = "<group>"; };
		414AD810B644C175CFB73EE5 /* WindowInfo.swift */ = {isa = PBXFileReference; lastKnownFileType = sourcecode.swift; path = WindowInfo.swift; sourceTree = "<group>"; };
		57175DB3942BF9D94577E602 /* SpeechService.swift */ = {isa = PBXFileReference; lastKnownFileType = sourcecode.swift; path = SpeechService.swift; sourceTree = "<group>"; };
		68EE7A37927B53963DCF4506 /* MessageProtocolTests.swift */ = {isa = PBXFileReference; lastKnownFileType = sourcecode.swift; path = MessageProtocolTests.swift; sourceTree = "<group>"; };
		6C96267C7E324E99F9E25608 /* WebSocketClient.swift */ = {isa = PBXFileReference; lastKnownFileType = sourcecode.swift; path = WebSocketClient.swift; sourceTree = "<group>"; };
		85649AFF24A63D27AE36A435 /* ContextMenuView.swift */ = {isa = PBXFileReference; lastKnownFileType = sourcecode.swift; path = ContextMenuView.swift; sourceTree = "<group>"; };
		8CF517BB2FBF2BF1205E4925 /* RemoteLayoutView.swift */ = {isa = PBXFileReference; lastKnownFileType = sourcecode.swift; path = RemoteLayoutView.swift; sourceTree = "<group>"; };
		945E5EFD19ABDFD55DD6B209 /* BonjourBrowser.swift */ = {isa = PBXFileReference; lastKnownFileType = sourcecode.swift; path = BonjourBrowser.swift; sourceTree = "<group>"; };
		B12B5FE3F0AA80CAD06D3A0F /* TerminalContentOverlay.swift */ = {isa = PBXFileReference; lastKnownFileType = sourcecode.swift; path = TerminalContentOverlay.swift; sourceTree = "<group>"; };
		BEE3536452049152370298FC /* HardwareButtonHandler.swift */ = {isa = PBXFileReference; lastKnownFileType = sourcecode.swift; path = HardwareButtonHandler.swift; sourceTree = "<group>"; };
		D0138BDEB9F24496B18E6EAE /* ConnectionStatusBar.swift */ = {isa = PBXFileReference; lastKnownFileType = sourcecode.swift; path = ConnectionStatusBar.swift; sourceTree = "<group>"; };
		DB1964CA940539AAAFAC01FC /* QuipTheme.swift */ = {isa = PBXFileReference; lastKnownFileType = sourcecode.swift; path = QuipTheme.swift; sourceTree = "<group>"; };
		FE4E6BADD636034CE8C5EC9A /* MessageProtocol.swift */ = {isa = PBXFileReference; lastKnownFileType = sourcecode.swift; path = MessageProtocol.swift; sourceTree = "<group>"; };
		FFE14A146132EC2FDBF484D2 /* PTTStressTests.swift */ = {isa = PBXFileReference; lastKnownFileType = sourcecode.swift; path = PTTStressTests.swift; sourceTree = "<group>"; };
		"TEMP_0372666F-EC27-4BB8-AB98-0D8DA06AF834" /* QuipApp.swift */ = {isa = PBXFileReference; lastKnownFileType = sourcecode.swift; path = QuipApp.swift; sourceTree = "<group>"; };
		"TEMP_2BA2977C-0380-404C-AD10-B2B0F9793DD9" /* Info.plist */ = {isa = PBXFileReference; lastKnownFileType = text.plist; path = Info.plist; sourceTree = "<group>"; };
		"TEMP_FE7E7BDF-3E62-4BD6-9EE7-7820F4381CF7" /* Assets.xcassets */ = {isa = PBXFileReference; lastKnownFileType = folder.assetcatalog; path = Assets.xcassets; sourceTree = "<group>"; };
/* End PBXFileReference section */

/* Begin PBXGroup section */
		0077BD5353292B84465878B8 = {
			isa = PBXGroup;
			children = (
				E96781A6729F4AC1D1B88B16 /* Models */,
				00C81D8E06C7AD6C80C65C66 /* Quip */,
				66E1CF9CCD2A9D367395438A /* Services */,
				538976D44E5C8716FFE3D88D /* Tests */,
				46B179CEB89BF9C2D149CE33 /* Views */,
				4EF44FB6F45A8981AE807AEA /* Products */,
			);
			sourceTree = "<group>";
		};
		00C81D8E06C7AD6C80C65C66 /* Quip */ = {
			isa = PBXGroup;
			children = (
				A32FE707D0B3E770D1E5A70E /* Shared */,
			);
			name = Quip;
			path = ..;
			sourceTree = "<group>";
		};
		46B179CEB89BF9C2D149CE33 /* Views */ = {
			isa = PBXGroup;
			children = (
				3D9319DA20B5E31E84424916 /* Color+Hex.swift */,
				D0138BDEB9F24496B18E6EAE /* ConnectionStatusBar.swift */,
				85649AFF24A63D27AE36A435 /* ContextMenuView.swift */,
				DB1964CA940539AAAFAC01FC /* QuipTheme.swift */,
				8CF517BB2FBF2BF1205E4925 /* RemoteLayoutView.swift */,
				B12B5FE3F0AA80CAD06D3A0F /* TerminalContentOverlay.swift */,
				044BCE18CD18E2E3D6DDD224 /* TTSNotificationOverlay.swift */,
				1915E043776D1E063159AA6F /* WindowRectangle.swift */,
			);
			path = Views;
			sourceTree = "<group>";
		};
		4EF44FB6F45A8981AE807AEA /* Products */ = {
			isa = PBXGroup;
			children = (
				01EA3B9F2E651E55A79DFB40 /* QuipiOS.app */,
				2931F612B095AEDB42A97FE4 /* QuipiOSTests.xctest */,
			);
			name = Products;
			sourceTree = "<group>";
		};
		538976D44E5C8716FFE3D88D /* Tests */ = {
			isa = PBXGroup;
			children = (
				68EE7A37927B53963DCF4506 /* MessageProtocolTests.swift */,
				FFE14A146132EC2FDBF484D2 /* PTTStressTests.swift */,
			);
			path = Tests;
			sourceTree = "<group>";
		};
		66E1CF9CCD2A9D367395438A /* Services */ = {
			isa = PBXGroup;
			children = (
				945E5EFD19ABDFD55DD6B209 /* BonjourBrowser.swift */,
				BEE3536452049152370298FC /* HardwareButtonHandler.swift */,
				57175DB3942BF9D94577E602 /* SpeechService.swift */,
				6C96267C7E324E99F9E25608 /* WebSocketClient.swift */,
			);
			path = Services;
			sourceTree = "<group>";
		};
		A32FE707D0B3E770D1E5A70E /* Shared */ = {
			isa = PBXGroup;
			children = (
				FE4E6BADD636034CE8C5EC9A /* MessageProtocol.swift */,
			);
			path = Shared;
			sourceTree = "<group>";
		};
		E96781A6729F4AC1D1B88B16 /* Models */ = {
			isa = PBXGroup;
			children = (
				414AD810B644C175CFB73EE5 /* WindowInfo.swift */,
			);
			path = Models;
			sourceTree = "<group>";
		};
		"TEMP_52205ECA-9BBD-448B-A137-72D69A4014DF" /* QuipiOS */ = {
			isa = PBXGroup;
			children = (
				"TEMP_2BA2977C-0380-404C-AD10-B2B0F9793DD9" /* Info.plist */,
				"TEMP_0372666F-EC27-4BB8-AB98-0D8DA06AF834" /* QuipApp.swift */,
				"TEMP_FE7E7BDF-3E62-4BD6-9EE7-7820F4381CF7" /* Assets.xcassets */,
				E96781A6729F4AC1D1B88B16 /* Models */,
				46B179CEB89BF9C2D149CE33 /* Views */,
				66E1CF9CCD2A9D367395438A /* Services */,
			);
			path = QuipiOS;
			sourceTree = "<group>";
		};
/* End PBXGroup section */

/* Begin PBXNativeTarget section */
		0106693FA1DD6F4A224F80DD /* QuipiOS */ = {
			isa = PBXNativeTarget;
			buildConfigurationList = E7E3E8784BA06D9A9467E468 /* Build configuration list for PBXNativeTarget "QuipiOS" */;
			buildPhases = (
				D9E99051B59BC6D7B0670DE2 /* Sources */,
				F5D327F6CB23C79C005A110C /* Resources */,
			);
			buildRules = (
			);
			dependencies = (
			);
			name = QuipiOS;
			packageProductDependencies = (
			);
			productName = QuipiOS;
			productReference = 01EA3B9F2E651E55A79DFB40 /* QuipiOS.app */;
			productType = "com.apple.product-type.application";
		};
		FE4AE6E8B87960D72E2FEAD5 /* QuipiOSTests */ = {
			isa = PBXNativeTarget;
			buildConfigurationList = A127B1CD0336B7931EC862C4 /* Build configuration list for PBXNativeTarget "QuipiOSTests" */;
			buildPhases = (
				4E0C3F20535DB21A736D01B8 /* Sources */,
			);
			buildRules = (
			);
			dependencies = (
				F6908ACEDED58F2BCA7F02C8 /* PBXTargetDependency */,
			);
			name = QuipiOSTests;
			packageProductDependencies = (
			);
			productName = QuipiOSTests;
			productReference = 2931F612B095AEDB42A97FE4 /* QuipiOSTests.xctest */;
			productType = "com.apple.product-type.bundle.unit-test";
		};
/* End PBXNativeTarget section */

/* Begin PBXProject section */
		1FFEE7473E4CC1ABAFA5B870 /* Project object */ = {
			isa = PBXProject;
			attributes = {
				BuildIndependentTargetsInParallel = YES;
				LastUpgradeCheck = 1600;
				TargetAttributes = {
					0106693FA1DD6F4A224F80DD = {
						DevelopmentTeam = L35T4H6XMC;
						ProvisioningStyle = Automatic;
					};
				};
			};
			buildConfigurationList = 40FAB0508A11DCDD70A96CD9 /* Build configuration list for PBXProject "QuipiOS" */;
			compatibilityVersion = "Xcode 14.0";
			developmentRegion = en;
			hasScannedForEncodings = 0;
			knownRegions = (
				Base,
				en,
			);
			mainGroup = 0077BD5353292B84465878B8;
			minimizedProjectReferenceProxies = 1;
			preferredProjectObjectVersion = 77;
			projectDirPath = "";
			projectRoot = "";
			targets = (
				0106693FA1DD6F4A224F80DD /* QuipiOS */,
				FE4AE6E8B87960D72E2FEAD5 /* QuipiOSTests */,
			);
		};
/* End PBXProject section */

/* Begin PBXResourcesBuildPhase section */
		F5D327F6CB23C79C005A110C /* Resources */ = {
			isa = PBXResourcesBuildPhase;
			buildActionMask = 2147483647;
			files = (
				885A3023BFB22F734B29C443 /* Assets.xcassets in Resources */,
			);
			runOnlyForDeploymentPostprocessing = 0;
		};
/* End PBXResourcesBuildPhase section */

/* Begin PBXSourcesBuildPhase section */
		4E0C3F20535DB21A736D01B8 /* Sources */ = {
			isa = PBXSourcesBuildPhase;
			buildActionMask = 2147483647;
			files = (
				9420823AF0EA7D82FCFE0914 /* MessageProtocol.swift in Sources */,
				85F00ED5BE755A7047346B5A /* MessageProtocolTests.swift in Sources */,
				D574C92B13CDC64E5C200CAB /* PTTStressTests.swift in Sources */,
			);
			runOnlyForDeploymentPostprocessing = 0;
		};
		D9E99051B59BC6D7B0670DE2 /* Sources */ = {
			isa = PBXSourcesBuildPhase;
			buildActionMask = 2147483647;
			files = (
				5280CB5DBDF05BF2905026BA /* BonjourBrowser.swift in Sources */,
				7FF8B004060633E319D8D791 /* Color+Hex.swift in Sources */,
				4FE31B60A886712C37A7E7C4 /* ConnectionStatusBar.swift in Sources */,
				AEA260F455D1F45EBC3CE818 /* ContextMenuView.swift in Sources */,
				27A74A861ADFE1E98398F75B /* HardwareButtonHandler.swift in Sources */,
				2FDDC840F5A589B81D2517D0 /* MessageProtocol.swift in Sources */,
				ACAA424EA34E61BC5E7A40B0 /* QuipApp.swift in Sources */,
				B9528CA355BD0960AAC67C6F /* QuipTheme.swift in Sources */,
				48A7F1C63240B8460DD3ECE8 /* RemoteLayoutView.swift in Sources */,
				716C98AD23EECA0DDCAB89A4 /* SpeechService.swift in Sources */,
				B70BD079D64FDDEC87ACAEA5 /* TTSNotificationOverlay.swift in Sources */,
				F6F15D37F8337C2D5D92511B /* TerminalContentOverlay.swift in Sources */,
				A760CC0FAF316124E853473D /* WebSocketClient.swift in Sources */,
				7855744B8C4218CBACE69836 /* WindowInfo.swift in Sources */,
				3375938E1D5448AFF51C8CCC /* WindowRectangle.swift in Sources */,
			);
			runOnlyForDeploymentPostprocessing = 0;
		};
/* End PBXSourcesBuildPhase section */

/* Begin PBXTargetDependency section */
		F6908ACEDED58F2BCA7F02C8 /* PBXTargetDependency */ = {
			isa = PBXTargetDependency;
			target = 0106693FA1DD6F4A224F80DD /* QuipiOS */;
			targetProxy = A700083DAD11081C5B039D1F /* PBXContainerItemProxy */;
		};
/* End PBXTargetDependency section */

/* Begin XCBuildConfiguration section */
		04A755C374A414438F54BE22 /* Debug */ = {
			isa = XCBuildConfiguration;
			buildSettings = {
				ASSETCATALOG_COMPILER_APPICON_NAME = AppIcon;
				CODE_SIGN_IDENTITY = "Apple Development";
				CODE_SIGN_STYLE = Automatic;
				DEVELOPMENT_TEAM = L35T4H6XMC;
				INFOPLIST_FILE = Info.plist;
				LD_RUNPATH_SEARCH_PATHS = (
					"$(inherited)",
					"@executable_path/Frameworks",
				);
				PRODUCT_BUNDLE_IDENTIFIER = app.citrine505.salmon5945;
				PRODUCT_NAME = Quip;
				SDKROOT = iphoneos;
				TARGETED_DEVICE_FAMILY = 1;
			};
			name = Debug;
		};
		1499D77CF2F7BA2D6E685B53 /* Release */ = {
			isa = XCBuildConfiguration;
			buildSettings = {
				ASSETCATALOG_COMPILER_APPICON_NAME = AppIcon;
				CODE_SIGN_IDENTITY = "Apple Development";
				CODE_SIGN_STYLE = Automatic;
				DEVELOPMENT_TEAM = L35T4H6XMC;
				INFOPLIST_FILE = Info.plist;
				LD_RUNPATH_SEARCH_PATHS = (
					"$(inherited)",
					"@executable_path/Frameworks",
				);
				PRODUCT_BUNDLE_IDENTIFIER = app.citrine505.salmon5945;
				PRODUCT_NAME = Quip;
				SDKROOT = iphoneos;
				TARGETED_DEVICE_FAMILY = 1;
			};
			name = Release;
		};
		209EB6C5D04422E1716AED36 /* Release */ = {
			isa = XCBuildConfiguration;
			buildSettings = {
				ALWAYS_SEARCH_USER_PATHS = NO;
				CLANG_ANALYZER_NONNULL = YES;
				CLANG_ANALYZER_NUMBER_OBJECT_CONVERSION = YES_AGGRESSIVE;
				CLANG_CXX_LANGUAGE_STANDARD = "gnu++14";
				CLANG_CXX_LIBRARY = "libc++";
				CLANG_ENABLE_MODULES = YES;
				CLANG_ENABLE_OBJC_ARC = YES;
				CLANG_ENABLE_OBJC_WEAK = YES;
				CLANG_WARN_BLOCK_CAPTURE_AUTORELEASING = YES;
				CLANG_WARN_BOOL_CONVERSION = YES;
				CLANG_WARN_COMMA = YES;
				CLANG_WARN_CONSTANT_CONVERSION = YES;
				CLANG_WARN_DEPRECATED_OBJC_IMPLEMENTATIONS = YES;
				CLANG_WARN_DIRECT_OBJC_ISA_USAGE = YES_ERROR;
				CLANG_WARN_DOCUMENTATION_COMMENTS = YES;
				CLANG_WARN_EMPTY_BODY = YES;
				CLANG_WARN_ENUM_CONVERSION = YES;
				CLANG_WARN_INFINITE_RECURSION = YES;
				CLANG_WARN_INT_CONVERSION = YES;
				CLANG_WARN_NON_LITERAL_NULL_CONVERSION = YES;
				CLANG_WARN_OBJC_IMPLICIT_RETAIN_SELF = YES;
				CLANG_WARN_OBJC_LITERAL_CONVERSION = YES;
				CLANG_WARN_OBJC_ROOT_CLASS = YES_ERROR;
				CLANG_WARN_QUOTED_INCLUDE_IN_FRAMEWORK_HEADER = YES;
				CLANG_WARN_RANGE_LOOP_ANALYSIS = YES;
				CLANG_WARN_STRICT_PROTOTYPES = YES;
				CLANG_WARN_SUSPICIOUS_MOVE = YES;
				CLANG_WARN_UNGUARDED_AVAILABILITY = YES_AGGRESSIVE;
				CLANG_WARN_UNREACHABLE_CODE = YES;
				CLANG_WARN__DUPLICATE_METHOD_MATCH = YES;
				COPY_PHASE_STRIP = NO;
				DEBUG_INFORMATION_FORMAT = "dwarf-with-dsym";
				ENABLE_NS_ASSERTIONS = NO;
				ENABLE_STRICT_OBJC_MSGSEND = YES;
				GCC_C_LANGUAGE_STANDARD = gnu11;
				GCC_NO_COMMON_BLOCKS = YES;
				GCC_WARN_64_TO_32_BIT_CONVERSION = YES;
				GCC_WARN_ABOUT_RETURN_TYPE = YES_ERROR;
				GCC_WARN_UNDECLARED_SELECTOR = YES;
				GCC_WARN_UNINITIALIZED_AUTOS = YES_AGGRESSIVE;
				GCC_WARN_UNUSED_FUNCTION = YES;
				GCC_WARN_UNUSED_VARIABLE = YES;
				IPHONEOS_DEPLOYMENT_TARGET = 17.0;
				MTL_ENABLE_DEBUG_INFO = NO;
				MTL_FAST_MATH = YES;
				PRODUCT_NAME = "$(TARGET_NAME)";
				SDKROOT = iphoneos;
				SWIFT_COMPILATION_MODE = wholemodule;
				SWIFT_OPTIMIZATION_LEVEL = "-O";
				SWIFT_STRICT_CONCURRENCY = minimal;
				SWIFT_VERSION = 6.0;
			};
			name = Release;
		};
		57579322E15C7A1CFBE7378C /* Debug */ = {
			isa = XCBuildConfiguration;
			buildSettings = {
				ALWAYS_SEARCH_USER_PATHS = NO;
				CLANG_ANALYZER_NONNULL = YES;
				CLANG_ANALYZER_NUMBER_OBJECT_CONVERSION = YES_AGGRESSIVE;
				CLANG_CXX_LANGUAGE_STANDARD = "gnu++14";
				CLANG_CXX_LIBRARY = "libc++";
				CLANG_ENABLE_MODULES = YES;
				CLANG_ENABLE_OBJC_ARC = YES;
				CLANG_ENABLE_OBJC_WEAK = YES;
				CLANG_WARN_BLOCK_CAPTURE_AUTORELEASING = YES;
				CLANG_WARN_BOOL_CONVERSION = YES;
				CLANG_WARN_COMMA = YES;
				CLANG_WARN_CONSTANT_CONVERSION = YES;
				CLANG_WARN_DEPRECATED_OBJC_IMPLEMENTATIONS = YES;
				CLANG_WARN_DIRECT_OBJC_ISA_USAGE = YES_ERROR;
				CLANG_WARN_DOCUMENTATION_COMMENTS = YES;
				CLANG_WARN_EMPTY_BODY = YES;
				CLANG_WARN_ENUM_CONVERSION = YES;
				CLANG_WARN_INFINITE_RECURSION = YES;
				CLANG_WARN_INT_CONVERSION = YES;
				CLANG_WARN_NON_LITERAL_NULL_CONVERSION = YES;
				CLANG_WARN_OBJC_IMPLICIT_RETAIN_SELF = YES;
				CLANG_WARN_OBJC_LITERAL_CONVERSION = YES;
				CLANG_WARN_OBJC_ROOT_CLASS = YES_ERROR;
				CLANG_WARN_QUOTED_INCLUDE_IN_FRAMEWORK_HEADER = YES;
				CLANG_WARN_RANGE_LOOP_ANALYSIS = YES;
				CLANG_WARN_STRICT_PROTOTYPES = YES;
				CLANG_WARN_SUSPICIOUS_MOVE = YES;
				CLANG_WARN_UNGUARDED_AVAILABILITY = YES_AGGRESSIVE;
				CLANG_WARN_UNREACHABLE_CODE = YES;
				CLANG_WARN__DUPLICATE_METHOD_MATCH = YES;
				COPY_PHASE_STRIP = NO;
				DEBUG_INFORMATION_FORMAT = dwarf;
				ENABLE_STRICT_OBJC_MSGSEND = YES;
				ENABLE_TESTABILITY = YES;
				GCC_C_LANGUAGE_STANDARD = gnu11;
				GCC_DYNAMIC_NO_PIC = NO;
				GCC_NO_COMMON_BLOCKS = YES;
				GCC_OPTIMIZATION_LEVEL = 0;
				GCC_PREPROCESSOR_DEFINITIONS = (
					"$(inherited)",
					"DEBUG=1",
				);
				GCC_WARN_64_TO_32_BIT_CONVERSION = YES;
				GCC_WARN_ABOUT_RETURN_TYPE = YES_ERROR;
				GCC_WARN_UNDECLARED_SELECTOR = YES;
				GCC_WARN_UNINITIALIZED_AUTOS = YES_AGGRESSIVE;
				GCC_WARN_UNUSED_FUNCTION = YES;
				GCC_WARN_UNUSED_VARIABLE = YES;
				IPHONEOS_DEPLOYMENT_TARGET = 17.0;
				MTL_ENABLE_DEBUG_INFO = INCLUDE_SOURCE;
				MTL_FAST_MATH = YES;
				ONLY_ACTIVE_ARCH = YES;
				PRODUCT_NAME = "$(TARGET_NAME)";
				SDKROOT = iphoneos;
				SWIFT_ACTIVE_COMPILATION_CONDITIONS = DEBUG;
				SWIFT_OPTIMIZATION_LEVEL = "-Onone";
				SWIFT_STRICT_CONCURRENCY = minimal;
				SWIFT_VERSION = 6.0;
			};
			name = Debug;
		};
		6F42027E46AC3B885CA9AB1D /* Release */ = {
			isa = XCBuildConfiguration;
			buildSettings = {
				BUNDLE_LOADER = "$(TEST_HOST)";
				LD_RUNPATH_SEARCH_PATHS = (
					"$(inherited)",
					"@executable_path/Frameworks",
					"@loader_path/Frameworks",
				);
				PRODUCT_BUNDLE_IDENTIFIER = com.quip.QuipiOSTests;
				SDKROOT = iphoneos;
				TARGETED_DEVICE_FAMILY = "1,2";
				TEST_HOST = "$(BUILT_PRODUCTS_DIR)/Quip.app/$(BUNDLE_EXECUTABLE_FOLDER_PATH)/Quip";
			};
			name = Release;
		};
		8BB7453BB6D544C83C995ED6 /* Debug */ = {
			isa = XCBuildConfiguration;
			buildSettings = {
				BUNDLE_LOADER = "$(TEST_HOST)";
				LD_RUNPATH_SEARCH_PATHS = (
					"$(inherited)",
					"@executable_path/Frameworks",
					"@loader_path/Frameworks",
				);
				PRODUCT_BUNDLE_IDENTIFIER = com.quip.QuipiOSTests;
				SDKROOT = iphoneos;
				TARGETED_DEVICE_FAMILY = "1,2";
				TEST_HOST = "$(BUILT_PRODUCTS_DIR)/Quip.app/$(BUNDLE_EXECUTABLE_FOLDER_PATH)/Quip";
			};
			name = Debug;
		};
/* End XCBuildConfiguration section */

/* Begin XCConfigurationList section */
		40FAB0508A11DCDD70A96CD9 /* Build configuration list for PBXProject "QuipiOS" */ = {
			isa = XCConfigurationList;
			buildConfigurations = (
				57579322E15C7A1CFBE7378C /* Debug */,
				209EB6C5D04422E1716AED36 /* Release */,
			);
			defaultConfigurationIsVisible = 0;
			defaultConfigurationName = Debug;
		};
		A127B1CD0336B7931EC862C4 /* Build configuration list for PBXNativeTarget "QuipiOSTests" */ = {
			isa = XCConfigurationList;
			buildConfigurations = (
				8BB7453BB6D544C83C995ED6 /* Debug */,
				6F42027E46AC3B885CA9AB1D /* Release */,
			);
			defaultConfigurationIsVisible = 0;
			defaultConfigurationName = Debug;
		};
		E7E3E8784BA06D9A9467E468 /* Build configuration list for PBXNativeTarget "QuipiOS" */ = {
			isa = XCConfigurationList;
			buildConfigurations = (
				04A755C374A414438F54BE22 /* Debug */,
				1499D77CF2F7BA2D6E685B53 /* Release */,
			);
			defaultConfigurationIsVisible = 0;
			defaultConfigurationName = Debug;
		};
/* End XCConfigurationList section */
	};
	rootObject = 1FFEE7473E4CC1ABAFA5B870 /* Project object */;
}
