// !$*UTF8*$!
{
	archiveVersion = 1;
	classes = {
	};
	objectVersion = 77;
	objects = {

/* Begin PBXBuildFile section */
		00FEAF410DBE151800BD87A7 /* CloudflareTunnel.swift in Sources */ = {isa = PBXBuildFile; fileRef = 92120A172B0B22B8F02A0357 /* CloudflareTunnel.swift */; };
		096CA901F7D9E96BAE7FD7EF /* KeystrokeInjector.swift in Sources */ = {isa = PBXBuildFile; fileRef = DD99221B94B6539910E96639 /* KeystrokeInjector.swift */; };
		0A1D64BF964184B81A4415C4 /* LayoutPresetTabs.swift in Sources */ = {isa = PBXBuildFile; fileRef = 4B7F99DD3B0FFB0E3286E9C9 /* LayoutPresetTabs.swift */; };
		1333870C80F9B3B039380176 /* MainWindow.swift in Sources */ = {isa = PBXBuildFile; fileRef = 65A45A8D6628441FF77DBAEB /* MainWindow.swift */; };
		23EF8F66F73FE83D3B758044 /* LayoutPreset.swift in Sources */ = {isa = PBXBuildFile; fileRef = 2ADEE1FBC7E11F71AB843360 /* LayoutPreset.swift */; };
		46626C2087CDE65EDE1A029C /* WindowManager.swift in Sources */ = {isa = PBXBuildFile; fileRef = D2FCFF57529D4A0733F98BAE /* WindowManager.swift */; };
		4DBA7BD0CF6B4952CCEC8D9E /* LayoutPreview.swift in Sources */ = {isa = PBXBuildFile; fileRef = 0EF6D66868499A668DA91453 /* LayoutPreview.swift */; };
		500398ACA99752F978EB0455 /* MenuBarView.swift in Sources */ = {isa = PBXBuildFile; fileRef = B81CF685AE64D3138EEDC457 /* MenuBarView.swift */; };
		55DFC33EEDAC183DD29998D1 /* Color+Hex.swift in Sources */ = {isa = PBXBuildFile; fileRef = DD36FFAC6A729859ED834939 /* Color+Hex.swift */; };
		62157DDD9CF7767EF103B9B5 /* BonjourAdvertiser.swift in Sources */ = {isa = PBXBuildFile; fileRef = E41E02D0F69160334B9A3C03 /* BonjourAdvertiser.swift */; };
		6B8B78B937D41C403AA16A05 /* MessageProtocol.swift in Sources */ = {isa = PBXBuildFile; fileRef = 40534906EF860EB090F69451 /* MessageProtocol.swift */; };
		7626A40D7F018D59EC3B2827 /* DefaultLayouts.json in Resources */ = {isa = PBXBuildFile; fileRef = 335882FDBC7D0ED3E9CB8599 /* DefaultLayouts.json */; };
		7E130F6677D2F69CD0B476BC /* WindowListSidebar.swift in Sources */ = {isa = PBXBuildFile; fileRef = F19520301B82D66F7BAECBE6 /* WindowListSidebar.swift */; };
		A2810F94B80D7809AC43E0CC /* TerminalColorManager.swift in Sources */ = {isa = PBXBuildFile; fileRef = D74019204F3CE9E0689DB3F4 /* TerminalColorManager.swift */; };
		A83374EB07B1A8CA529500BC /* VoiceCodeMacApp.swift in Sources */ = {isa = PBXBuildFile; fileRef = "TEMP_13EB3B6F-B1EE-40CE-AB92-AD530C9E8703" /* VoiceCodeMacApp.swift */; };
		A9E08773E5684E7757F6887C /* SettingsView.swift in Sources */ = {isa = PBXBuildFile; fileRef = 35BB4A95938DAA648781EAF8 /* SettingsView.swift */; };
		B4A6AD87974051CB68027E81 /* WindowInfo.swift in Sources */ = {isa = PBXBuildFile; fileRef = DC96C09A38BD0BE82BE15C99 /* WindowInfo.swift */; };
		BE73B22343194E62BF294117 /* TerminalStateDetector.swift in Sources */ = {isa = PBXBuildFile; fileRef = 0B680F462FD447B0A1C361A7 /* TerminalStateDetector.swift */; };
		CDC4C0D4A5B0336F482A8B66 /* MonitorSelector.swift in Sources */ = {isa = PBXBuildFile; fileRef = 01E07B70EF1FA451DF837B74 /* MonitorSelector.swift */; };
		FADF704B7F25126F82C42602 /* WebSocketServer.swift in Sources */ = {isa = PBXBuildFile; fileRef = 1C032F2F96493DCFD472394F /* WebSocketServer.swift */; };
/* End PBXBuildFile section */

/* Begin PBXFileReference section */
		01E07B70EF1FA451DF837B74 /* MonitorSelector.swift */ = {isa = PBXFileReference; lastKnownFileType = sourcecode.swift; path = MonitorSelector.swift; sourceTree = "<group>"; };
		0B680F462FD447B0A1C361A7 /* TerminalStateDetector.swift */ = {isa = PBXFileReference; lastKnownFileType = sourcecode.swift; path = TerminalStateDetector.swift; sourceTree = "<group>"; };
		0EF6D66868499A668DA91453 /* LayoutPreview.swift */ = {isa = PBXFileReference; lastKnownFileType = sourcecode.swift; path = LayoutPreview.swift; sourceTree = "<group>"; };
		1C032F2F96493DCFD472394F /* WebSocketServer.swift */ = {isa = PBXFileReference; lastKnownFileType = sourcecode.swift; path = WebSocketServer.swift; sourceTree = "<group>"; };
		2ADEE1FBC7E11F71AB843360 /* LayoutPreset.swift */ = {isa = PBXFileReference; lastKnownFileType = sourcecode.swift; path = LayoutPreset.swift; sourceTree = "<group>"; };
		335882FDBC7D0ED3E9CB8599 /* DefaultLayouts.json */ = {isa = PBXFileReference; lastKnownFileType = text.json; path = DefaultLayouts.json; sourceTree = "<group>"; };
		35BB4A95938DAA648781EAF8 /* SettingsView.swift */ = {isa = PBXFileReference; lastKnownFileType = sourcecode.swift; path = SettingsView.swift; sourceTree = "<group>"; };
		3D7502A2A497EB3303C59994 /* VoiceCodeMac.app */ = {isa = PBXFileReference; explicitFileType = wrapper.application; includeInIndex = 0; path = VoiceCodeMac.app; sourceTree = BUILT_PRODUCTS_DIR; };
		40534906EF860EB090F69451 /* MessageProtocol.swift */ = {isa = PBXFileReference; lastKnownFileType = sourcecode.swift; path = MessageProtocol.swift; sourceTree = "<group>"; };
		4B7F99DD3B0FFB0E3286E9C9 /* LayoutPresetTabs.swift */ = {isa = PBXFileReference; lastKnownFileType = sourcecode.swift; path = LayoutPresetTabs.swift; sourceTree = "<group>"; };
		65A45A8D6628441FF77DBAEB /* MainWindow.swift */ = {isa = PBXFileReference; lastKnownFileType = sourcecode.swift; path = MainWindow.swift; sourceTree = "<group>"; };
		92120A172B0B22B8F02A0357 /* CloudflareTunnel.swift */ = {isa = PBXFileReference; lastKnownFileType = sourcecode.swift; path = CloudflareTunnel.swift; sourceTree = "<group>"; };
		B81CF685AE64D3138EEDC457 /* MenuBarView.swift */ = {isa = PBXFileReference; lastKnownFileType = sourcecode.swift; path = MenuBarView.swift; sourceTree = "<group>"; };
		D2FCFF57529D4A0733F98BAE /* WindowManager.swift */ = {isa = PBXFileReference; lastKnownFileType = sourcecode.swift; path = WindowManager.swift; sourceTree = "<group>"; };
		D74019204F3CE9E0689DB3F4 /* TerminalColorManager.swift */ = {isa = PBXFileReference; lastKnownFileType = sourcecode.swift; path = TerminalColorManager.swift; sourceTree = "<group>"; };
		DC96C09A38BD0BE82BE15C99 /* WindowInfo.swift */ = {isa = PBXFileReference; lastKnownFileType = sourcecode.swift; path = WindowInfo.swift; sourceTree = "<group>"; };
		DD36FFAC6A729859ED834939 /* Color+Hex.swift */ = {isa = PBXFileReference; lastKnownFileType = sourcecode.swift; path = "Color+Hex.swift"; sourceTree = "<group>"; };
		DD99221B94B6539910E96639 /* KeystrokeInjector.swift */ = {isa = PBXFileReference; lastKnownFileType = sourcecode.swift; path = KeystrokeInjector.swift; sourceTree = "<group>"; };
		E41E02D0F69160334B9A3C03 /* BonjourAdvertiser.swift */ = {isa = PBXFileReference; lastKnownFileType = sourcecode.swift; path = BonjourAdvertiser.swift; sourceTree = "<group>"; };
		F19520301B82D66F7BAECBE6 /* WindowListSidebar.swift */ = {isa = PBXFileReference; lastKnownFileType = sourcecode.swift; path = WindowListSidebar.swift; sourceTree = "<group>"; };
		"TEMP_13EB3B6F-B1EE-40CE-AB92-AD530C9E8703" /* VoiceCodeMacApp.swift */ = {isa = PBXFileReference; lastKnownFileType = sourcecode.swift; path = VoiceCodeMacApp.swift; sourceTree = "<group>"; };
		"TEMP_CA1F1E34-7174-4F44-B726-8AC4B5897DEE" /* Info.plist */ = {isa = PBXFileReference; lastKnownFileType = text.plist; path = Info.plist; sourceTree = "<group>"; };
/* End PBXFileReference section */

/* Begin PBXGroup section */
		0CEF4DD971AB8C8EDF07BBD0 /* VoiceCode */ = {
			isa = PBXGroup;
			children = (
				8CB991E6BE8F5AE3D6659AC1 /* Shared */,
			);
			name = VoiceCode;
			path = ..;
			sourceTree = "<group>";
		};
		5FB5D6E78B6C903447A102CC /* Services */ = {
			isa = PBXGroup;
			children = (
				E41E02D0F69160334B9A3C03 /* BonjourAdvertiser.swift */,
				92120A172B0B22B8F02A0357 /* CloudflareTunnel.swift */,
				DD99221B94B6539910E96639 /* KeystrokeInjector.swift */,
				D74019204F3CE9E0689DB3F4 /* TerminalColorManager.swift */,
				0B680F462FD447B0A1C361A7 /* TerminalStateDetector.swift */,
				1C032F2F96493DCFD472394F /* WebSocketServer.swift */,
				D2FCFF57529D4A0733F98BAE /* WindowManager.swift */,
			);
			path = Services;
			sourceTree = "<group>";
		};
		8CB991E6BE8F5AE3D6659AC1 /* Shared */ = {
			isa = PBXGroup;
			children = (
				40534906EF860EB090F69451 /* MessageProtocol.swift */,
			);
			path = Shared;
			sourceTree = "<group>";
		};
		9DBBB775996AB9DC635FACEC /* Products */ = {
			isa = PBXGroup;
			children = (
				3D7502A2A497EB3303C59994 /* VoiceCodeMac.app */,
			);
			name = Products;
			sourceTree = "<group>";
		};
		CE3E0CED903952CA449D5D0A /* Views */ = {
			isa = PBXGroup;
			children = (
				DD36FFAC6A729859ED834939 /* Color+Hex.swift */,
				4B7F99DD3B0FFB0E3286E9C9 /* LayoutPresetTabs.swift */,
				0EF6D66868499A668DA91453 /* LayoutPreview.swift */,
				65A45A8D6628441FF77DBAEB /* MainWindow.swift */,
				B81CF685AE64D3138EEDC457 /* MenuBarView.swift */,
				01E07B70EF1FA451DF837B74 /* MonitorSelector.swift */,
				35BB4A95938DAA648781EAF8 /* SettingsView.swift */,
				F19520301B82D66F7BAECBE6 /* WindowListSidebar.swift */,
			);
			path = Views;
			sourceTree = "<group>";
		};
		E3029597200F7B639E038175 /* Resources */ = {
			isa = PBXGroup;
			children = (
				335882FDBC7D0ED3E9CB8599 /* DefaultLayouts.json */,
			);
			path = Resources;
			sourceTree = "<group>";
		};
		F1C0B3CC029DC09022FA583B = {
			isa = PBXGroup;
			children = (
				F6C691C5234A4E2E39D02633 /* Models */,
				E3029597200F7B639E038175 /* Resources */,
				5FB5D6E78B6C903447A102CC /* Services */,
				CE3E0CED903952CA449D5D0A /* Views */,
				0CEF4DD971AB8C8EDF07BBD0 /* VoiceCode */,
				9DBBB775996AB9DC635FACEC /* Products */,
			);
			sourceTree = "<group>";
		};
		F6C691C5234A4E2E39D02633 /* Models */ = {
			isa = PBXGroup;
			children = (
				2ADEE1FBC7E11F71AB843360 /* LayoutPreset.swift */,
				DC96C09A38BD0BE82BE15C99 /* WindowInfo.swift */,
			);
			path = Models;
			sourceTree = "<group>";
		};
		"TEMP_8971475D-4EE9-4C8E-8B47-7BFE8502C9A6" /* VoiceCodeMac */ = {
			isa = PBXGroup;
			children = (
				"TEMP_13EB3B6F-B1EE-40CE-AB92-AD530C9E8703" /* VoiceCodeMacApp.swift */,
				"TEMP_CA1F1E34-7174-4F44-B726-8AC4B5897DEE" /* Info.plist */,
				E3029597200F7B639E038175 /* Resources */,
				F6C691C5234A4E2E39D02633 /* Models */,
				CE3E0CED903952CA449D5D0A /* Views */,
				5FB5D6E78B6C903447A102CC /* Services */,
			);
			path = VoiceCodeMac;
			sourceTree = "<group>";
		};
/* End PBXGroup section */

/* Begin PBXNativeTarget section */
		F30FDA0663B4E96B9839B004 /* VoiceCodeMac */ = {
			isa = PBXNativeTarget;
			buildConfigurationList = A15E25A1CFE87900FD60F899 /* Build configuration list for PBXNativeTarget "VoiceCodeMac" */;
			buildPhases = (
				131BFBF18C3D5D9F085D5F53 /* Sources */,
				BF3DE0E495A019686CCBBBB6 /* Resources */,
			);
			buildRules = (
			);
			dependencies = (
			);
			name = VoiceCodeMac;
			packageProductDependencies = (
			);
			productName = VoiceCodeMac;
			productReference = 3D7502A2A497EB3303C59994 /* VoiceCodeMac.app */;
			productType = "com.apple.product-type.application";
		};
/* End PBXNativeTarget section */

/* Begin PBXProject section */
		B4555FAE06F205C6A30A7EA4 /* Project object */ = {
			isa = PBXProject;
			attributes = {
				BuildIndependentTargetsInParallel = YES;
				LastUpgradeCheck = 1600;
				TargetAttributes = {
					F30FDA0663B4E96B9839B004 = {
						ProvisioningStyle = Automatic;
					};
				};
			};
			buildConfigurationList = 6BA787C9B9AB14F432D2F348 /* Build configuration list for PBXProject "VoiceCodeMac" */;
			compatibilityVersion = "Xcode 14.0";
			developmentRegion = en;
			hasScannedForEncodings = 0;
			knownRegions = (
				Base,
				en,
			);
			mainGroup = F1C0B3CC029DC09022FA583B;
			minimizedProjectReferenceProxies = 1;
			preferredProjectObjectVersion = 77;
			projectDirPath = "";
			projectRoot = "";
			targets = (
				F30FDA0663B4E96B9839B004 /* VoiceCodeMac */,
			);
		};
/* End PBXProject section */

/* Begin PBXResourcesBuildPhase section */
		BF3DE0E495A019686CCBBBB6 /* Resources */ = {
			isa = PBXResourcesBuildPhase;
			buildActionMask = 2147483647;
			files = (
				7626A40D7F018D59EC3B2827 /* DefaultLayouts.json in Resources */,
			);
			runOnlyForDeploymentPostprocessing = 0;
		};
/* End PBXResourcesBuildPhase section */

/* Begin PBXSourcesBuildPhase section */
		131BFBF18C3D5D9F085D5F53 /* Sources */ = {
			isa = PBXSourcesBuildPhase;
			buildActionMask = 2147483647;
			files = (
				62157DDD9CF7767EF103B9B5 /* BonjourAdvertiser.swift in Sources */,
				00FEAF410DBE151800BD87A7 /* CloudflareTunnel.swift in Sources */,
				55DFC33EEDAC183DD29998D1 /* Color+Hex.swift in Sources */,
				096CA901F7D9E96BAE7FD7EF /* KeystrokeInjector.swift in Sources */,
				23EF8F66F73FE83D3B758044 /* LayoutPreset.swift in Sources */,
				0A1D64BF964184B81A4415C4 /* LayoutPresetTabs.swift in Sources */,
				4DBA7BD0CF6B4952CCEC8D9E /* LayoutPreview.swift in Sources */,
				1333870C80F9B3B039380176 /* MainWindow.swift in Sources */,
				500398ACA99752F978EB0455 /* MenuBarView.swift in Sources */,
				6B8B78B937D41C403AA16A05 /* MessageProtocol.swift in Sources */,
				CDC4C0D4A5B0336F482A8B66 /* MonitorSelector.swift in Sources */,
				A9E08773E5684E7757F6887C /* SettingsView.swift in Sources */,
				A2810F94B80D7809AC43E0CC /* TerminalColorManager.swift in Sources */,
				BE73B22343194E62BF294117 /* TerminalStateDetector.swift in Sources */,
				A83374EB07B1A8CA529500BC /* VoiceCodeMacApp.swift in Sources */,
				FADF704B7F25126F82C42602 /* WebSocketServer.swift in Sources */,
				B4A6AD87974051CB68027E81 /* WindowInfo.swift in Sources */,
				7E130F6677D2F69CD0B476BC /* WindowListSidebar.swift in Sources */,
				46626C2087CDE65EDE1A029C /* WindowManager.swift in Sources */,
			);
			runOnlyForDeploymentPostprocessing = 0;
		};
/* End PBXSourcesBuildPhase section */

/* Begin XCBuildConfiguration section */
		7ACE44A23F823CC4C9D1BFD0 /* Release */ = {
			isa = XCBuildConfiguration;
			buildSettings = {
				ALWAYS_SEARCH_USER_PATHS = NO;
				CLANG_ANALYZER_NONNULL = YES;
				CLANG_ANALYZER_NUMBER_OBJECT_CONVERSION = YES_AGGRESSIVE;
				CLANG_CXX_LANGUAGE_STANDARD = "gnu++14";
				CLANG_CXX_LIBRARY = "libc++";
				CLANG_ENABLE_MODULES = YES;
				CLANG_ENABLE_OBJC_ARC = YES;
				CLANG_ENABLE_OBJC_WEAK = YES;
				CLANG_WARN_BLOCK_CAPTURE_AUTORELEASING = YES;
				CLANG_WARN_BOOL_CONVERSION = YES;
				CLANG_WARN_COMMA = YES;
				CLANG_WARN_CONSTANT_CONVERSION = YES;
				CLANG_WARN_DEPRECATED_OBJC_IMPLEMENTATIONS = YES;
				CLANG_WARN_DIRECT_OBJC_ISA_USAGE = YES_ERROR;
				CLANG_WARN_DOCUMENTATION_COMMENTS = YES;
				CLANG_WARN_EMPTY_BODY = YES;
				CLANG_WARN_ENUM_CONVERSION = YES;
				CLANG_WARN_INFINITE_RECURSION = YES;
				CLANG_WARN_INT_CONVERSION = YES;
				CLANG_WARN_NON_LITERAL_NULL_CONVERSION = YES;
				CLANG_WARN_OBJC_IMPLICIT_RETAIN_SELF = YES;
				CLANG_WARN_OBJC_LITERAL_CONVERSION = YES;
				CLANG_WARN_OBJC_ROOT_CLASS = YES_ERROR;
				CLANG_WARN_QUOTED_INCLUDE_IN_FRAMEWORK_HEADER = YES;
				CLANG_WARN_RANGE_LOOP_ANALYSIS = YES;
				CLANG_WARN_STRICT_PROTOTYPES = YES;
				CLANG_WARN_SUSPICIOUS_MOVE = YES;
				CLANG_WARN_UNGUARDED_AVAILABILITY = YES_AGGRESSIVE;
				CLANG_WARN_UNREACHABLE_CODE = YES;
				CLANG_WARN__DUPLICATE_METHOD_MATCH = YES;
				COPY_PHASE_STRIP = NO;
				DEBUG_INFORMATION_FORMAT = "dwarf-with-dsym";
				ENABLE_NS_ASSERTIONS = NO;
				ENABLE_STRICT_OBJC_MSGSEND = YES;
				ENABLE_USER_SCRIPT_SANDBOXING = NO;
				GCC_C_LANGUAGE_STANDARD = gnu11;
				GCC_NO_COMMON_BLOCKS = YES;
				GCC_WARN_64_TO_32_BIT_CONVERSION = YES;
				GCC_WARN_ABOUT_RETURN_TYPE = YES_ERROR;
				GCC_WARN_UNDECLARED_SELECTOR = YES;
				GCC_WARN_UNINITIALIZED_AUTOS = YES_AGGRESSIVE;
				GCC_WARN_UNUSED_FUNCTION = YES;
				GCC_WARN_UNUSED_VARIABLE = YES;
				MACOSX_DEPLOYMENT_TARGET = 14.0;
				MTL_ENABLE_DEBUG_INFO = NO;
				MTL_FAST_MATH = YES;
				PRODUCT_NAME = "$(TARGET_NAME)";
				SDKROOT = macosx;
				SWIFT_COMPILATION_MODE = wholemodule;
				SWIFT_OPTIMIZATION_LEVEL = "-O";
				SWIFT_STRICT_CONCURRENCY = minimal;
				SWIFT_VERSION = 6.0;
			};
			name = Release;
		};
		85D6403D0ACDE05F493856D7 /* Debug */ = {
			isa = XCBuildConfiguration;
			buildSettings = {
				ASSETCATALOG_COMPILER_APPICON_NAME = AppIcon;
				CODE_SIGN_ENTITLEMENTS = VoiceCodeMac.entitlements;
				CODE_SIGN_IDENTITY = "-";
				CODE_SIGN_STYLE = Automatic;
				COMBINE_HIDPI_IMAGES = YES;
				ENABLE_HARDENED_RUNTIME = NO;
				INFOPLIST_FILE = Info.plist;
				LD_RUNPATH_SEARCH_PATHS = (
					"$(inherited)",
					"@executable_path/../Frameworks",
				);
				PRODUCT_BUNDLE_IDENTIFIER = com.voicecode.mac;
				PRODUCT_NAME = VoiceCode;
				SDKROOT = macosx;
			};
			name = Debug;
		};
		CC781B4AD3F9B660C9E0511D /* Release */ = {
			isa = XCBuildConfiguration;
			buildSettings = {
				ASSETCATALOG_COMPILER_APPICON_NAME = AppIcon;
				CODE_SIGN_ENTITLEMENTS = VoiceCodeMac.entitlements;
				CODE_SIGN_IDENTITY = "-";
				CODE_SIGN_STYLE = Automatic;
				COMBINE_HIDPI_IMAGES = YES;
				ENABLE_HARDENED_RUNTIME = NO;
				INFOPLIST_FILE = Info.plist;
				LD_RUNPATH_SEARCH_PATHS = (
					"$(inherited)",
					"@executable_path/../Frameworks",
				);
				PRODUCT_BUNDLE_IDENTIFIER = com.voicecode.mac;
				PRODUCT_NAME = VoiceCode;
				SDKROOT = macosx;
			};
			name = Release;
		};
		FAF1D9B583949A81D5FD6FF4 /* Debug */ = {
			isa = XCBuildConfiguration;
			buildSettings = {
				ALWAYS_SEARCH_USER_PATHS = NO;
				CLANG_ANALYZER_NONNULL = YES;
				CLANG_ANALYZER_NUMBER_OBJECT_CONVERSION = YES_AGGRESSIVE;
				CLANG_CXX_LANGUAGE_STANDARD = "gnu++14";
				CLANG_CXX_LIBRARY = "libc++";
				CLANG_ENABLE_MODULES = YES;
				CLANG_ENABLE_OBJC_ARC = YES;
				CLANG_ENABLE_OBJC_WEAK = YES;
				CLANG_WARN_BLOCK_CAPTURE_AUTORELEASING = YES;
				CLANG_WARN_BOOL_CONVERSION = YES;
				CLANG_WARN_COMMA = YES;
				CLANG_WARN_CONSTANT_CONVERSION = YES;
				CLANG_WARN_DEPRECATED_OBJC_IMPLEMENTATIONS = YES;
				CLANG_WARN_DIRECT_OBJC_ISA_USAGE = YES_ERROR;
				CLANG_WARN_DOCUMENTATION_COMMENTS = YES;
				CLANG_WARN_EMPTY_BODY = YES;
				CLANG_WARN_ENUM_CONVERSION = YES;
				CLANG_WARN_INFINITE_RECURSION = YES;
				CLANG_WARN_INT_CONVERSION = YES;
				CLANG_WARN_NON_LITERAL_NULL_CONVERSION = YES;
				CLANG_WARN_OBJC_IMPLICIT_RETAIN_SELF = YES;
				CLANG_WARN_OBJC_LITERAL_CONVERSION = YES;
				CLANG_WARN_OBJC_ROOT_CLASS = YES_ERROR;
				CLANG_WARN_QUOTED_INCLUDE_IN_FRAMEWORK_HEADER = YES;
				CLANG_WARN_RANGE_LOOP_ANALYSIS = YES;
				CLANG_WARN_STRICT_PROTOTYPES = YES;
				CLANG_WARN_SUSPICIOUS_MOVE = YES;
				CLANG_WARN_UNGUARDED_AVAILABILITY = YES_AGGRESSIVE;
				CLANG_WARN_UNREACHABLE_CODE = YES;
				CLANG_WARN__DUPLICATE_METHOD_MATCH = YES;
				COPY_PHASE_STRIP = NO;
				DEBUG_INFORMATION_FORMAT = dwarf;
				ENABLE_STRICT_OBJC_MSGSEND = YES;
				ENABLE_TESTABILITY = YES;
				ENABLE_USER_SCRIPT_SANDBOXING = NO;
				GCC_C_LANGUAGE_STANDARD = gnu11;
				GCC_DYNAMIC_NO_PIC = NO;
				GCC_NO_COMMON_BLOCKS = YES;
				GCC_OPTIMIZATION_LEVEL = 0;
				GCC_PREPROCESSOR_DEFINITIONS = (
					"$(inherited)",
					"DEBUG=1",
				);
				GCC_WARN_64_TO_32_BIT_CONVERSION = YES;
				GCC_WARN_ABOUT_RETURN_TYPE = YES_ERROR;
				GCC_WARN_UNDECLARED_SELECTOR = YES;
				GCC_WARN_UNINITIALIZED_AUTOS = YES_AGGRESSIVE;
				GCC_WARN_UNUSED_FUNCTION = YES;
				GCC_WARN_UNUSED_VARIABLE = YES;
				MACOSX_DEPLOYMENT_TARGET = 14.0;
				MTL_ENABLE_DEBUG_INFO = INCLUDE_SOURCE;
				MTL_FAST_MATH = YES;
				ONLY_ACTIVE_ARCH = YES;
				PRODUCT_NAME = "$(TARGET_NAME)";
				SDKROOT = macosx;
				SWIFT_ACTIVE_COMPILATION_CONDITIONS = DEBUG;
				SWIFT_OPTIMIZATION_LEVEL = "-Onone";
				SWIFT_STRICT_CONCURRENCY = minimal;
				SWIFT_VERSION = 6.0;
			};
			name = Debug;
		};
/* End XCBuildConfiguration section */

/* Begin XCConfigurationList section */
		6BA787C9B9AB14F432D2F348 /* Build configuration list for PBXProject "VoiceCodeMac" */ = {
			isa = XCConfigurationList;
			buildConfigurations = (
				FAF1D9B583949A81D5FD6FF4 /* Debug */,
				7ACE44A23F823CC4C9D1BFD0 /* Release */,
			);
			defaultConfigurationIsVisible = 0;
			defaultConfigurationName = Debug;
		};
		A15E25A1CFE87900FD60F899 /* Build configuration list for PBXNativeTarget "VoiceCodeMac" */ = {
			isa = XCConfigurationList;
			buildConfigurations = (
				85D6403D0ACDE05F493856D7 /* Debug */,
				CC781B4AD3F9B660C9E0511D /* Release */,
			);
			defaultConfigurationIsVisible = 0;
			defaultConfigurationName = Debug;
		};
/* End XCConfigurationList section */
	};
	rootObject = B4555FAE06F205C6A30A7EA4 /* Project object */;
}
